Microsoft Visual Studio Solution File, Format Version 10.00
# Visual Studio 2008
Project("{E24C65DC-7377-472B-9ABA-BC803B73C61A}") = "Portal", "Portal\", "{1AD4776D-55DB-449A-A00F-124A87FFA47D}"
	ProjectSection(WebsiteProperties) = preProject
		TargetFramework = "2.0"
		ProjectReferences = "{1A6C334E-159A-4189-AA03-F8CC1639A7D0}|ADGroup2RoleController.dll;{CE73634D-C965-41C7-9641-A2AA57E64EA1}|ADGroups2RolesModules.dll;{D1A51221-1B22-44CA-9D58-B47EE7A5515A}|ADGroups2RolesRecords.dll;{33A438D8-6B7B-4011-9037-4FCD018F7421}|ChatModules.dll;{1C64BA8C-9AC2-4E38-929D-C1BF84DB3361}|ChatRecords.dll;{D4F36AD3-4364-4CB8-9B8E-BEE281838AD1}|FavouritesController.dll;{EF70B75A-2DCD-4BAD-9E45-ED6873D0D719}|FavouritesModules.dll;{26EFCB1D-B1FB-4929-976E-4EC42D844FF8}|FavouritesRecords.dll;{FD9697B1-CAE3-422A-8067-9462C52B7DB5}|HistoryController.dll;{C4ECAA90-2E54-4C97-B724-45531E383080}|HistoryModules.dll;{85213D5F-4F3D-400A-AA42-EFFB2BE681E1}|HistoryRecords.dll;{D51A183D-7F3D-454B-8CF5-487E1F8F8F72}|IFrameModules.dll;{1B0F8110-77F5-468D-B49D-1CBD063E45C2}|InitializeController.dll;{9590BE7F-6577-433A-AAB5-E8C8EDFBEA6E}|LanguageController.dll;{ACAD6277-B0C1-42A2-9804-55B6F594335A}|LanguageEditModules.dll;{2C58869E-0F4A-4B4B-8B8D-6E9674CE909F}|LanguageRecords.dll;{3FF4A488-07DD-4847-88D5-90670E71D39A}|LanguageSelectorModules.dll;{E6FFDA9D-3D3E-426D-93B8-A34F01571CA9}|LoginOpenIDModules.dll;{07B4583B-D2FB-4ADE-8F4A-FBAD56C2C8E0}|Ra.Brix.Data.dll;{0423B777-2C18-4B0F-B87E-0AD059529167}|Ra.Brix.Loader.dll;{F266D261-5A5F-4BB6-84F6-A71EA2B5090E}|Ra.Brix.Types.dll;{FDBF4787-9F3B-4983-AADA-5F4F115B2EAE}|SettingsRecords.dll;{421D0A33-2270-4388-BC1E-0BFDD68340B2}|UserSettingsRecords.dll;{0A16609A-B619-43FF-9C64-9FC970AF46D8}|UserRecords.dll;{EA4DB865-734B-44D3-9AD9-132FD680446D}|HelperGlobals.dll;{853598D1-F9CF-48C2-90DD-354480F34F91}|Ra.Brix.Data.Adapters.MSSQL.dll;{B2969964-A410-4A2B-B1E2-528BF9D435D0}|Ra.Brix.Data.Adapters.MySQL.dll;{87C08A87-ACE9-4B8C-95A9-73DA83EE1F0A}|Ra.Brix.Data.Adapters.XML.dll;{6AA5124D-B951-4152-AC3F-CE901569A24B}|RolesModules.dll;{128EEB4C-DE60-4533-B819-4C53AB4BB2C2}|SettingsModules.dll;{FEA510A9-9E2E-4F3F-86DC-BF8A2B892C21}|SlidingMenuModules.dll;{50F9B758-6392-4632-A49D-568F75A69E26}|UsersModules.dll;{E1135609-DDE1-4777-923E-9890B4498BAF}|Viewport.dll;{F0D38CF8-B5E2-4DC4-BC98-FA399F547CA7}|SettingsController.dll;{3805B41E-E1BD-4A0F-AA56-FC60F0364A9D}|RolesController.dll;{1BDC8E37-02BA-4A2A-92E7-789A16E30997}|UserController.dll;{1DDF7042-F3E5-46D3-B6EF-C059D930CC06}|ChatController.dll;{C38BEB2B-CBC6-4280-9D02-1AE52B0DB47B}|Components.dll;{89E19BE8-E69D-4962-8DCA-3BF70E97E3BA}|WhiteBoardController.dll;{A3F4F9D4-AD60-46A1-85D1-AA396AF92065}|WhiteBoardRecords.dll;{53748097-48A5-4714-8964-0F09338F67F5}|WhiteboardModules.dll;{8129051F-7EB7-42CD-9627-87EC9F2A3862}|LanguageImportExportController.dll;{9CAF7EC2-E9D4-4019-9297-D5ED4E382742}|LanguageImportExportModules.dll;{20B5098D-79E4-4294-A0F8-9302BDE805E6}|CandyStoreController.dll;{A3914F92-997A-4EC4-AD1B-B5C9324EBC50}|CandyStoreModules.dll;{88244521-EB96-48BD-9ED9-1DEBE6C4F865}|HelpController.dll;{11909F13-9457-4FFA-AEF9-05EE8A4C446F}|HelpModules.dll;{3ADB8B6F-6AA5-4893-AF44-BDFF268EFF2D}|TipOfTodayController.dll;{FC6E71A9-A9B2-40BC-9410-9370617104D5}|TipOfTodayModules.dll;{AA7387BE-2021-47BC-ACF7-68BF0C1F8B42}|WhiteboardPluginsController.dll;{D0D8472E-ADB8-47CF-9C94-7D5A182F5E5C}|ChangeSkinController.dll;{456A2DF8-A63C-45DB-8410-9FA45790AB25}|ChangeSkinModules.dll;{71367E2A-3483-4E39-B5B8-D89F24513501}|Imatis.WebObserver.dll;{76EB5D9A-4A9B-4B5C-A21D-A2D75A406079}|ActiveDirectoryLoginModules.dll;{73E5E737-9E89-4D76-91F4-FAF26D18C4E9}|RssReaderController.dll;{E23F1884-0C1B-4607-B675-F73CF984CBE0}|RssReaderModules.dll;{202F8132-1220-4059-BA00-1B36813FD669}|RssReaderRecords.dll;{A0E732D1-6537-4DA2-AA59-3974E457A7A1}|CalendarController.dll;{2C94DD8F-AD74-45F5-A577-77DF840A6C1E}|CalendarModules.dll;{8254F4FA-7ADF-4E6F-902F-D17927FDD88D}|CalendarRecords.dll;{80A9A01D-CA98-4F71-AAE9-EBA5BCC8B353}|UserSettingsController.dll;{A0B916CA-5F74-48F4-80FD-1F897BDC43CF}|TreeMenuModules.dll;{3E9EE1EF-3538-4AA8-A74D-8DCBFB2F7389}|CMSController.dll;{3087674D-6D3D-45AC-953D-3B01027AD15D}|CMSModules.dll;{5959A08D-1E79-471C-A1F7-7EC5B1B8C06A}|CMSRecords.dll;{BCCE726F-A9A2-4DB3-A672-4E309DE124B9}|ResourcesController.dll;{AD402F38-2B6C-42B7-854C-EA33C190CAD9}|ResourcesModules.dll;"
		Debug.AspNetCompiler.VirtualPath = "/Portal"
		Debug.AspNetCompiler.PhysicalPath = "Portal\"
		Debug.AspNetCompiler.TargetPath = "PrecompiledWeb\Portal\"
		Debug.AspNetCompiler.Updateable = "true"
		Debug.AspNetCompiler.ForceOverwrite = "true"
		Debug.AspNetCompiler.FixedNames = "false"
		Debug.AspNetCompiler.Debug = "True"
		Release.AspNetCompiler.VirtualPath = "/Portal"
		Release.AspNetCompiler.PhysicalPath = "Portal\"
		Release.AspNetCompiler.TargetPath = "PrecompiledWeb\Portal\"
		Release.AspNetCompiler.Updateable = "true"
		Release.AspNetCompiler.ForceOverwrite = "true"
		Release.AspNetCompiler.FixedNames = "false"
		Release.AspNetCompiler.Debug = "False"
		VWDPort = "3394"
	EndProjectSection
EndProject
Project("{E24C65DC-7377-472B-9ABA-BC803B73C61A}") = "ADLogin", "ADLogin\", "{D50274F6-BF19-4B24-A8C3-7ED342C9E41B}"
	ProjectSection(WebsiteProperties) = preProject
		TargetFramework = "2.0"
		ProjectReferences = "{07B4583B-D2FB-4ADE-8F4A-FBAD56C2C8E0}|Ra.Brix.Data.dll;{87C08A87-ACE9-4B8C-95A9-73DA83EE1F0A}|Ra.Brix.Data.Adapters.XML.dll;{0423B777-2C18-4B0F-B87E-0AD059529167}|Ra.Brix.Loader.dll;{F266D261-5A5F-4BB6-84F6-A71EA2B5090E}|Ra.Brix.Types.dll;{E1135609-DDE1-4777-923E-9890B4498BAF}|Viewport.dll;{1907A87F-2BB8-4649-9200-46B5C6CB8841}|LoginController.dll;{76EB5D9A-4A9B-4B5C-A21D-A2D75A406079}|ActiveDirectoryLoginModules.dll;{FDBF4787-9F3B-4983-AADA-5F4F115B2EAE}|SettingsRecords.dll;{2C58869E-0F4A-4B4B-8B8D-6E9674CE909F}|LanguageRecords.dll;{EA4DB865-734B-44D3-9AD9-132FD680446D}|HelperGlobals.dll;{421D0A33-2270-4388-BC1E-0BFDD68340B2}|UserSettingsRecords.dll;"
		Debug.AspNetCompiler.VirtualPath = "/ADLogin"
		Debug.AspNetCompiler.PhysicalPath = "ADLogin\"
		Debug.AspNetCompiler.TargetPath = "PrecompiledWeb\ADLogin\"
		Debug.AspNetCompiler.Updateable = "true"
		Debug.AspNetCompiler.ForceOverwrite = "true"
		Debug.AspNetCompiler.FixedNames = "false"
		Debug.AspNetCompiler.Debug = "True"
		Release.AspNetCompiler.VirtualPath = "/ADLogin"
		Release.AspNetCompiler.PhysicalPath = "ADLogin\"
		Release.AspNetCompiler.TargetPath = "PrecompiledWeb\ADLogin\"
		Release.AspNetCompiler.Updateable = "true"
		Release.AspNetCompiler.ForceOverwrite = "true"
		Release.AspNetCompiler.FixedNames = "false"
		Release.AspNetCompiler.Debug = "False"
		VWDPort = "8080"
		VWDDynamicPort = "false"
	EndProjectSection
EndProject
Project("{2150E333-8FDC-42A3-9474-1A3956D46DE8}") = "Ra.Brix", "Ra.Brix", "{8DCDF828-0041-487F-80A7-C5DC3E398244}"
EndProject
Project("{2150E333-8FDC-42A3-9474-1A3956D46DE8}") = "Modules", "Modules", "{0E2B47F4-94B4-43F4-8366-6F4A59DF291A}"
EndProject
Project("{FAE04EC0-301F-11D3-BF4B-00C04F79EFBC}") = "Viewport", "Viewport\Viewport.csproj", "{E1135609-DDE1-4777-923E-9890B4498BAF}"
EndProject
Project("{2150E333-8FDC-42A3-9474-1A3956D46DE8}") = "Controllers", "Controllers", "{C2BFAFC2-8C22-45FE-A81B-521980799550}"
EndProject
Project("{2150E333-8FDC-42A3-9474-1A3956D46DE8}") = "Tests", "Tests", "{527E28AB-4D8B-421B-BF57-164FC2490AF6}"
EndProject
Project("{2150E333-8FDC-42A3-9474-1A3956D46DE8}") = "DataAdapters", "DataAdapters", "{78691633-E015-42BA-B2D4-385CE26395C6}"
EndProject
Project("{2150E333-8FDC-42A3-9474-1A3956D46DE8}") = "ActiveRecords", "ActiveRecords", "{4ECC14B0-00FE-4E3D-A429-0FAA522E8637}"
EndProject
Project("{2150E333-8FDC-42A3-9474-1A3956D46DE8}") = "Viewports", "Viewports", "{5EB48762-9C0E-40AF-8BB5-3E80D6EA2FED}"
EndProject
Project("{FAE04EC0-301F-11D3-BF4B-00C04F79EFBC}") = "ADGroups2RolesRecords", "ActiveRecords\ADGroups2Roles\ADGroups2RolesRecords.csproj", "{D1A51221-1B22-44CA-9D58-B47EE7A5515A}"
EndProject
Project("{FAE04EC0-301F-11D3-BF4B-00C04F79EFBC}") = "HistoryRecords", "ActiveRecords\History\HistoryRecords.csproj", "{85213D5F-4F3D-400A-AA42-EFFB2BE681E1}"
EndProject
Project("{FAE04EC0-301F-11D3-BF4B-00C04F79EFBC}") = "UserRecords", "ActiveRecords\User\UserRecords.csproj", "{0A16609A-B619-43FF-9C64-9FC970AF46D8}"
EndProject
Project("{FAE04EC0-301F-11D3-BF4B-00C04F79EFBC}") = "ChatRecords", "ActiveRecords\Chat\ChatRecords.csproj", "{1C64BA8C-9AC2-4E38-929D-C1BF84DB3361}"
EndProject
Project("{FAE04EC0-301F-11D3-BF4B-00C04F79EFBC}") = "LanguageRecords", "ActiveRecords\Language\LanguageRecords.csproj", "{2C58869E-0F4A-4B4B-8B8D-6E9674CE909F}"
EndProject
Project("{FAE04EC0-301F-11D3-BF4B-00C04F79EFBC}") = "UserSettingsRecords", "ActiveRecords\UserSettings\UserSettingsRecords.csproj", "{421D0A33-2270-4388-BC1E-0BFDD68340B2}"
EndProject
Project("{FAE04EC0-301F-11D3-BF4B-00C04F79EFBC}") = "FavouritesRecords", "ActiveRecords\Favourites\FavouritesRecords.csproj", "{26EFCB1D-B1FB-4929-976E-4EC42D844FF8}"
EndProject
Project("{FAE04EC0-301F-11D3-BF4B-00C04F79EFBC}") = "SettingsRecords", "ActiveRecords\Settings\SettingsRecords.csproj", "{FDBF4787-9F3B-4983-AADA-5F4F115B2EAE}"
EndProject
Project("{FAE04EC0-301F-11D3-BF4B-00C04F79EFBC}") = "ADGroup2RoleController", "Controllers\ADGroups2Roles\ADGroup2RoleController.csproj", "{1A6C334E-159A-4189-AA03-F8CC1639A7D0}"
EndProject
Project("{FAE04EC0-301F-11D3-BF4B-00C04F79EFBC}") = "FavouritesController", "Controllers\Favourites\FavouritesController.csproj", "{D4F36AD3-4364-4CB8-9B8E-BEE281838AD1}"
EndProject
Project("{FAE04EC0-301F-11D3-BF4B-00C04F79EFBC}") = "HistoryController", "Controllers\History\HistoryController.csproj", "{FD9697B1-CAE3-422A-8067-9462C52B7DB5}"
EndProject
Project("{FAE04EC0-301F-11D3-BF4B-00C04F79EFBC}") = "InitializeController", "Controllers\Initializer\InitializeController.csproj", "{1B0F8110-77F5-468D-B49D-1CBD063E45C2}"
EndProject
Project("{FAE04EC0-301F-11D3-BF4B-00C04F79EFBC}") = "LanguageController", "Controllers\Language\LanguageController.csproj", "{9590BE7F-6577-433A-AAB5-E8C8EDFBEA6E}"
EndProject
Project("{FAE04EC0-301F-11D3-BF4B-00C04F79EFBC}") = "LoginController", "Controllers\Login\LoginController.csproj", "{1907A87F-2BB8-4649-9200-46B5C6CB8841}"
EndProject
Project("{FAE04EC0-301F-11D3-BF4B-00C04F79EFBC}") = "ActiveDirectoryLoginModules", "Modules\ActiveDirectoryLogin\ActiveDirectoryLoginModules.csproj", "{76EB5D9A-4A9B-4B5C-A21D-A2D75A406079}"
EndProject
Project("{FAE04EC0-301F-11D3-BF4B-00C04F79EFBC}") = "FavouritesModules", "Modules\Favourites\FavouritesModules.csproj", "{EF70B75A-2DCD-4BAD-9E45-ED6873D0D719}"
EndProject
Project("{FAE04EC0-301F-11D3-BF4B-00C04F79EFBC}") = "IFrameModules", "Modules\IFrame\IFrameModules.csproj", "{D51A183D-7F3D-454B-8CF5-487E1F8F8F72}"
EndProject
Project("{FAE04EC0-301F-11D3-BF4B-00C04F79EFBC}") = "LoginOpenIDModules", "Modules\LoginOpenID\LoginOpenIDModules.csproj", "{E6FFDA9D-3D3E-426D-93B8-A34F01571CA9}"
EndProject
Project("{FAE04EC0-301F-11D3-BF4B-00C04F79EFBC}") = "SlidingMenuModules", "Modules\SlidingMenu\SlidingMenuModules.csproj", "{FEA510A9-9E2E-4F3F-86DC-BF8A2B892C21}"
EndProject
Project("{FAE04EC0-301F-11D3-BF4B-00C04F79EFBC}") = "ADGroups2RolesModules", "Modules\ADGroups2Roles\ADGroups2RolesModules.csproj", "{CE73634D-C965-41C7-9641-A2AA57E64EA1}"
EndProject
Project("{FAE04EC0-301F-11D3-BF4B-00C04F79EFBC}") = "HelpModules", "Modules\Help\HelpModules.csproj", "{11909F13-9457-4FFA-AEF9-05EE8A4C446F}"
EndProject
Project("{FAE04EC0-301F-11D3-BF4B-00C04F79EFBC}") = "LanguageEditModules", "Modules\LanguageEdit\LanguageEditModules.csproj", "{ACAD6277-B0C1-42A2-9804-55B6F594335A}"
EndProject
Project("{FAE04EC0-301F-11D3-BF4B-00C04F79EFBC}") = "RolesModules", "Modules\Roles\RolesModules.csproj", "{6AA5124D-B951-4152-AC3F-CE901569A24B}"
EndProject
Project("{FAE04EC0-301F-11D3-BF4B-00C04F79EFBC}") = "UsersModules", "Modules\Users\UsersModules.csproj", "{50F9B758-6392-4632-A49D-568F75A69E26}"
EndProject
Project("{FAE04EC0-301F-11D3-BF4B-00C04F79EFBC}") = "ChatModules", "Modules\Chat\ChatModules.csproj", "{33A438D8-6B7B-4011-9037-4FCD018F7421}"
EndProject
Project("{FAE04EC0-301F-11D3-BF4B-00C04F79EFBC}") = "HistoryModules", "Modules\History\HistoryModules.csproj", "{C4ECAA90-2E54-4C97-B724-45531E383080}"
EndProject
Project("{FAE04EC0-301F-11D3-BF4B-00C04F79EFBC}") = "LanguageSelectorModules", "Modules\LanguageSelector\LanguageSelectorModules.csproj", "{3FF4A488-07DD-4847-88D5-90670E71D39A}"
EndProject
Project("{FAE04EC0-301F-11D3-BF4B-00C04F79EFBC}") = "SettingsModules", "Modules\Settings\SettingsModules.csproj", "{128EEB4C-DE60-4533-B819-4C53AB4BB2C2}"
EndProject
Project("{2150E333-8FDC-42A3-9474-1A3956D46DE8}") = "Helpers", "Helpers", "{8A0E281C-D73F-4416-AED9-890AC3C59D57}"
EndProject
Project("{FAE04EC0-301F-11D3-BF4B-00C04F79EFBC}") = "Commons", "Helpers\Commons\Commons.csproj", "{EA4DB865-734B-44D3-9AD9-132FD680446D}"
EndProject
Project("{FAE04EC0-301F-11D3-BF4B-00C04F79EFBC}") = "ChatController", "Controllers\ChatController\ChatController.csproj", "{1DDF7042-F3E5-46D3-B6EF-C059D930CC06}"
EndProject
Project("{FAE04EC0-301F-11D3-BF4B-00C04F79EFBC}") = "RolesController", "Controllers\RolesController\RolesController.csproj", "{3805B41E-E1BD-4A0F-AA56-FC60F0364A9D}"
EndProject
Project("{FAE04EC0-301F-11D3-BF4B-00C04F79EFBC}") = "UserController", "Controllers\UserController\UserController.csproj", "{1BDC8E37-02BA-4A2A-92E7-789A16E30997}"
EndProject
Project("{FAE04EC0-301F-11D3-BF4B-00C04F79EFBC}") = "SettingsController", "Controllers\SettingsController\SettingsController.csproj", "{F0D38CF8-B5E2-4DC4-BC98-FA399F547CA7}"
EndProject
Project("{FAE04EC0-301F-11D3-BF4B-00C04F79EFBC}") = "Components", "Helpers\Components\Components.csproj", "{C38BEB2B-CBC6-4280-9D02-1AE52B0DB47B}"
EndProject
Project("{FAE04EC0-301F-11D3-BF4B-00C04F79EFBC}") = "WhiteBoardRecords", "ActiveRecords\WhiteBoardRecords\WhiteBoardRecords.csproj", "{A3F4F9D4-AD60-46A1-85D1-AA396AF92065}"
EndProject
Project("{FAE04EC0-301F-11D3-BF4B-00C04F79EFBC}") = "WhiteBoardController", "Controllers\WhiteBoardController\WhiteBoardController.csproj", "{89E19BE8-E69D-4962-8DCA-3BF70E97E3BA}"
EndProject
Project("{FAE04EC0-301F-11D3-BF4B-00C04F79EFBC}") = "WhiteboardModules", "Modules\WhiteboardModules\WhiteboardModules.csproj", "{53748097-48A5-4714-8964-0F09338F67F5}"
EndProject
Project("{E24C65DC-7377-472B-9ABA-BC803B73C61A}") = "CandyStoreWebService", "CandyStoreWebService\", "{8576209F-4AD8-489F-BC14-E7E3E78EC278}"
	ProjectSection(WebsiteProperties) = preProject
		TargetFramework = "2.0"
		Debug.AspNetCompiler.VirtualPath = "/CandyStoreWebService"
		Debug.AspNetCompiler.PhysicalPath = "CandyStoreWebService\"
		Debug.AspNetCompiler.TargetPath = "PrecompiledWeb\CandyStoreWebService\"
		Debug.AspNetCompiler.Updateable = "true"
		Debug.AspNetCompiler.ForceOverwrite = "true"
		Debug.AspNetCompiler.FixedNames = "false"
		Debug.AspNetCompiler.Debug = "True"
		Release.AspNetCompiler.VirtualPath = "/CandyStoreWebService"
		Release.AspNetCompiler.PhysicalPath = "CandyStoreWebService\"
		Release.AspNetCompiler.TargetPath = "PrecompiledWeb\CandyStoreWebService\"
		Release.AspNetCompiler.Updateable = "true"
		Release.AspNetCompiler.ForceOverwrite = "true"
		Release.AspNetCompiler.FixedNames = "false"
		Release.AspNetCompiler.Debug = "False"
		VWDPort = "8081"
		VWDDynamicPort = "false"
		DefaultWebSiteLanguage = "Visual C#"
	EndProjectSection
EndProject
Project("{FAE04EC0-301F-11D3-BF4B-00C04F79EFBC}") = "TipOfTodayController", "Controllers\TipOfTodayController\TipOfTodayController.csproj", "{3ADB8B6F-6AA5-4893-AF44-BDFF268EFF2D}"
EndProject
Project("{FAE04EC0-301F-11D3-BF4B-00C04F79EFBC}") = "TipOfTodayModules", "Modules\TipOfTodayModules\TipOfTodayModules.csproj", "{FC6E71A9-A9B2-40BC-9410-9370617104D5}"
EndProject
Project("{FAE04EC0-301F-11D3-BF4B-00C04F79EFBC}") = "WhiteboardPluginsController", "Controllers\WhiteboardPluginsController\WhiteboardPluginsController.csproj", "{AA7387BE-2021-47BC-ACF7-68BF0C1F8B42}"
EndProject
Project("{FAE04EC0-301F-11D3-BF4B-00C04F79EFBC}") = "RssReaderController", "Controllers\RssReaderController\RssReaderController.csproj", "{73E5E737-9E89-4D76-91F4-FAF26D18C4E9}"
EndProject
Project("{FAE04EC0-301F-11D3-BF4B-00C04F79EFBC}") = "RssReaderModules", "Modules\RssReaderModules\RssReaderModules.csproj", "{E23F1884-0C1B-4607-B675-F73CF984CBE0}"
EndProject
Project("{FAE04EC0-301F-11D3-BF4B-00C04F79EFBC}") = "RssReaderRecords", "ActiveRecords\RssReaderRecords\RssReaderRecords.csproj", "{202F8132-1220-4059-BA00-1B36813FD669}"
EndProject
Project("{FAE04EC0-301F-11D3-BF4B-00C04F79EFBC}") = "CalendarController", "Controllers\CalendarController\CalendarController.csproj", "{A0E732D1-6537-4DA2-AA59-3974E457A7A1}"
EndProject
Project("{FAE04EC0-301F-11D3-BF4B-00C04F79EFBC}") = "CalendarModules", "Modules\CalendarModules\CalendarModules.csproj", "{2C94DD8F-AD74-45F5-A577-77DF840A6C1E}"
EndProject
Project("{FAE04EC0-301F-11D3-BF4B-00C04F79EFBC}") = "CalendarRecords", "ActiveRecords\CalendarRecords\CalendarRecords.csproj", "{8254F4FA-7ADF-4E6F-902F-D17927FDD88D}"
EndProject
Project("{FAE04EC0-301F-11D3-BF4B-00C04F79EFBC}") = "UserSettingsController", "Controllers\UserSettingsController\UserSettingsController.csproj", "{80A9A01D-CA98-4F71-AAE9-EBA5BCC8B353}"
EndProject
Project("{FAE04EC0-301F-11D3-BF4B-00C04F79EFBC}") = "TreeMenuModules", "Modules\TreeMenuModules\TreeMenuModules.csproj", "{A0B916CA-5F74-48F4-80FD-1F897BDC43CF}"
EndProject
Project("{FAE04EC0-301F-11D3-BF4B-00C04F79EFBC}") = "CMSController", "Controllers\CMSController\CMSController.csproj", "{3E9EE1EF-3538-4AA8-A74D-8DCBFB2F7389}"
EndProject
Project("{FAE04EC0-301F-11D3-BF4B-00C04F79EFBC}") = "CMSModules", "Modules\CMSModules\CMSModules.csproj", "{3087674D-6D3D-45AC-953D-3B01027AD15D}"
EndProject
Project("{FAE04EC0-301F-11D3-BF4B-00C04F79EFBC}") = "CMSRecords", "ActiveRecords\CMSRecords\CMSRecords.csproj", "{5959A08D-1E79-471C-A1F7-7EC5B1B8C06A}"
EndProject
Project("{FAE04EC0-301F-11D3-BF4B-00C04F79EFBC}") = "ResourcesController", "Controllers\ResourcesController\ResourcesController.csproj", "{BCCE726F-A9A2-4DB3-A672-4E309DE124B9}"
EndProject
Project("{FAE04EC0-301F-11D3-BF4B-00C04F79EFBC}") = "ResourcesModules", "Modules\ResourcesModules\ResourcesModules.csproj", "{AD402F38-2B6C-42B7-854C-EA33C190CAD9}"
EndProject
Project("{FAE04EC0-301F-11D3-BF4B-00C04F79EFBC}") = "LanguageImportExportController", "Controllers\LanguageImportExportController\LanguageImportExportController.csproj", "{8129051F-7EB7-42CD-9627-87EC9F2A3862}"
EndProject
Project("{FAE04EC0-301F-11D3-BF4B-00C04F79EFBC}") = "CandyStoreController", "Controllers\CandyStoreController\CandyStoreController.csproj", "{20B5098D-79E4-4294-A0F8-9302BDE805E6}"
EndProject
Project("{FAE04EC0-301F-11D3-BF4B-00C04F79EFBC}") = "ChangeSkinController", "Controllers\ChangeSkinController\ChangeSkinController.csproj", "{D0D8472E-ADB8-47CF-9C94-7D5A182F5E5C}"
EndProject
Project("{FAE04EC0-301F-11D3-BF4B-00C04F79EFBC}") = "HelpController", "Controllers\HelpController\HelpController.csproj", "{88244521-EB96-48BD-9ED9-1DEBE6C4F865}"
EndProject
Project("{FAE04EC0-301F-11D3-BF4B-00C04F79EFBC}") = "LanguageImportExportModules", "Modules\LanguageImportExportModules\LanguageImportExportModules.csproj", "{9CAF7EC2-E9D4-4019-9297-D5ED4E382742}"
EndProject
Project("{FAE04EC0-301F-11D3-BF4B-00C04F79EFBC}") = "CandyStoreModules", "Modules\CandyStoreModules\CandyStoreModules.csproj", "{A3914F92-997A-4EC4-AD1B-B5C9324EBC50}"
EndProject
Project("{FAE04EC0-301F-11D3-BF4B-00C04F79EFBC}") = "ChangeSkinModules", "Modules\ChangeSkinModules\ChangeSkinModules.csproj", "{456A2DF8-A63C-45DB-8410-9FA45790AB25}"
EndProject
Project("{FAE04EC0-301F-11D3-BF4B-00C04F79EFBC}") = "Ra.Brix.Data", "Ra.Brix.Core\Ra.Brix.Data\Ra.Brix.Data.csproj", "{07B4583B-D2FB-4ADE-8F4A-FBAD56C2C8E0}"
EndProject
Project("{FAE04EC0-301F-11D3-BF4B-00C04F79EFBC}") = "Ra.Brix.Data.Adapters.MSSQL", "Ra.Brix.Core\Ra.Brix.Data.Adapters\Ra.Brix.Data.Adapters.MSSQL\Ra.Brix.Data.Adapters.MSSQL.csproj", "{853598D1-F9CF-48C2-90DD-354480F34F91}"
EndProject
Project("{FAE04EC0-301F-11D3-BF4B-00C04F79EFBC}") = "Ra.Brix.Data.Adapters.XML", "Ra.Brix.Core\Ra.Brix.Data.Adapters\Ra.Brix.Data.Adapters.XML\Ra.Brix.Data.Adapters.XML.csproj", "{87C08A87-ACE9-4B8C-95A9-73DA83EE1F0A}"
EndProject
Project("{FAE04EC0-301F-11D3-BF4B-00C04F79EFBC}") = "Ra.Brix.Data.Adapters.MySQL", "Ra.Brix.Core\Ra.Brix.Data.Adapters\Ra.Brix.Data.Adapters.MySQL\Ra.Brix.Data.Adapters.MySQL.csproj", "{B2969964-A410-4A2B-B1E2-528BF9D435D0}"
EndProject
Project("{FAE04EC0-301F-11D3-BF4B-00C04F79EFBC}") = "Ra.Brix.Loader", "Ra.Brix.Core\Ra.Brix.Loader\Ra.Brix.Loader.csproj", "{0423B777-2C18-4B0F-B87E-0AD059529167}"
EndProject
Project("{FAE04EC0-301F-11D3-BF4B-00C04F79EFBC}") = "Ra.Brix.Types", "Ra.Brix.Core\Ra.Brix.Types\Ra.Brix.Types.csproj", "{F266D261-5A5F-4BB6-84F6-A71EA2B5090E}"
EndProject
Project("{FAE04EC0-301F-11D3-BF4B-00C04F79EFBC}") = "Ra.Brix.Tests", "Ra.Brix.Tests\Ra.Brix.Tests.csproj", "{3E847F44-BC2C-4C42-B612-2C9934E8BB38}"
EndProject
Global
	GlobalSection(SolutionConfigurationPlatforms) = preSolution
		Debug|.NET = Debug|.NET
		Debug|Any CPU = Debug|Any CPU
		Debug|Mixed Platforms = Debug|Mixed Platforms
		Release|.NET = Release|.NET
		Release|Any CPU = Release|Any CPU
		Release|Mixed Platforms = Release|Mixed Platforms
	EndGlobalSection
	GlobalSection(ProjectConfigurationPlatforms) = postSolution
		{1AD4776D-55DB-449A-A00F-124A87FFA47D}.Debug|.NET.ActiveCfg = Debug|.NET
		{1AD4776D-55DB-449A-A00F-124A87FFA47D}.Debug|.NET.Build.0 = Debug|.NET
		{1AD4776D-55DB-449A-A00F-124A87FFA47D}.Debug|Any CPU.ActiveCfg = Debug|Any CPU
		{1AD4776D-55DB-449A-A00F-124A87FFA47D}.Debug|Any CPU.Build.0 = Debug|Any CPU
		{1AD4776D-55DB-449A-A00F-124A87FFA47D}.Debug|Mixed Platforms.ActiveCfg = Debug|Any CPU
		{1AD4776D-55DB-449A-A00F-124A87FFA47D}.Debug|Mixed Platforms.Build.0 = Debug|Any CPU
		{1AD4776D-55DB-449A-A00F-124A87FFA47D}.Release|.NET.ActiveCfg = Debug|Any CPU
		{1AD4776D-55DB-449A-A00F-124A87FFA47D}.Release|Any CPU.ActiveCfg = Debug|Any CPU
		{1AD4776D-55DB-449A-A00F-124A87FFA47D}.Release|Any CPU.Build.0 = Debug|Any CPU
		{1AD4776D-55DB-449A-A00F-124A87FFA47D}.Release|Mixed Platforms.ActiveCfg = Debug|Any CPU
		{1AD4776D-55DB-449A-A00F-124A87FFA47D}.Release|Mixed Platforms.Build.0 = Debug|Any CPU
		{D50274F6-BF19-4B24-A8C3-7ED342C9E41B}.Debug|.NET.ActiveCfg = Debug|.NET
		{D50274F6-BF19-4B24-A8C3-7ED342C9E41B}.Debug|.NET.Build.0 = Debug|.NET
		{D50274F6-BF19-4B24-A8C3-7ED342C9E41B}.Debug|Any CPU.ActiveCfg = Debug|Any CPU
		{D50274F6-BF19-4B24-A8C3-7ED342C9E41B}.Debug|Any CPU.Build.0 = Debug|Any CPU
		{D50274F6-BF19-4B24-A8C3-7ED342C9E41B}.Debug|Mixed Platforms.ActiveCfg = Debug|Any CPU
		{D50274F6-BF19-4B24-A8C3-7ED342C9E41B}.Debug|Mixed Platforms.Build.0 = Debug|Any CPU
		{D50274F6-BF19-4B24-A8C3-7ED342C9E41B}.Release|.NET.ActiveCfg = Debug|Any CPU
		{D50274F6-BF19-4B24-A8C3-7ED342C9E41B}.Release|Any CPU.ActiveCfg = Debug|Any CPU
		{D50274F6-BF19-4B24-A8C3-7ED342C9E41B}.Release|Any CPU.Build.0 = Debug|Any CPU
		{D50274F6-BF19-4B24-A8C3-7ED342C9E41B}.Release|Mixed Platforms.ActiveCfg = Debug|Any CPU
		{D50274F6-BF19-4B24-A8C3-7ED342C9E41B}.Release|Mixed Platforms.Build.0 = Debug|Any CPU
		{E1135609-DDE1-4777-923E-9890B4498BAF}.Debug|.NET.ActiveCfg = Debug|Any CPU
		{E1135609-DDE1-4777-923E-9890B4498BAF}.Debug|Any CPU.ActiveCfg = Debug|Any CPU
		{E1135609-DDE1-4777-923E-9890B4498BAF}.Debug|Any CPU.Build.0 = Debug|Any CPU
		{E1135609-DDE1-4777-923E-9890B4498BAF}.Debug|Mixed Platforms.ActiveCfg = Debug|Any CPU
		{E1135609-DDE1-4777-923E-9890B4498BAF}.Debug|Mixed Platforms.Build.0 = Debug|Any CPU
		{E1135609-DDE1-4777-923E-9890B4498BAF}.Release|.NET.ActiveCfg = Release|Any CPU
		{E1135609-DDE1-4777-923E-9890B4498BAF}.Release|Any CPU.ActiveCfg = Release|Any CPU
		{E1135609-DDE1-4777-923E-9890B4498BAF}.Release|Any CPU.Build.0 = Release|Any CPU
		{E1135609-DDE1-4777-923E-9890B4498BAF}.Release|Mixed Platforms.ActiveCfg = Release|Any CPU
		{E1135609-DDE1-4777-923E-9890B4498BAF}.Release|Mixed Platforms.Build.0 = Release|Any CPU
		{D1A51221-1B22-44CA-9D58-B47EE7A5515A}.Debug|.NET.ActiveCfg = Debug|Any CPU
		{D1A51221-1B22-44CA-9D58-B47EE7A5515A}.Debug|Any CPU.ActiveCfg = Debug|Any CPU
		{D1A51221-1B22-44CA-9D58-B47EE7A5515A}.Debug|Any CPU.Build.0 = Debug|Any CPU
		{D1A51221-1B22-44CA-9D58-B47EE7A5515A}.Debug|Mixed Platforms.ActiveCfg = Debug|Any CPU
		{D1A51221-1B22-44CA-9D58-B47EE7A5515A}.Debug|Mixed Platforms.Build.0 = Debug|Any CPU
		{D1A51221-1B22-44CA-9D58-B47EE7A5515A}.Release|.NET.ActiveCfg = Release|Any CPU
		{D1A51221-1B22-44CA-9D58-B47EE7A5515A}.Release|Any CPU.ActiveCfg = Release|Any CPU
		{D1A51221-1B22-44CA-9D58-B47EE7A5515A}.Release|Any CPU.Build.0 = Release|Any CPU
		{D1A51221-1B22-44CA-9D58-B47EE7A5515A}.Release|Mixed Platforms.ActiveCfg = Release|Any CPU
		{D1A51221-1B22-44CA-9D58-B47EE7A5515A}.Release|Mixed Platforms.Build.0 = Release|Any CPU
		{85213D5F-4F3D-400A-AA42-EFFB2BE681E1}.Debug|.NET.ActiveCfg = Debug|Any CPU
		{85213D5F-4F3D-400A-AA42-EFFB2BE681E1}.Debug|Any CPU.ActiveCfg = Debug|Any CPU
		{85213D5F-4F3D-400A-AA42-EFFB2BE681E1}.Debug|Any CPU.Build.0 = Debug|Any CPU
		{85213D5F-4F3D-400A-AA42-EFFB2BE681E1}.Debug|Mixed Platforms.ActiveCfg = Debug|Any CPU
		{85213D5F-4F3D-400A-AA42-EFFB2BE681E1}.Debug|Mixed Platforms.Build.0 = Debug|Any CPU
		{85213D5F-4F3D-400A-AA42-EFFB2BE681E1}.Release|.NET.ActiveCfg = Release|Any CPU
		{85213D5F-4F3D-400A-AA42-EFFB2BE681E1}.Release|Any CPU.ActiveCfg = Release|Any CPU
		{85213D5F-4F3D-400A-AA42-EFFB2BE681E1}.Release|Any CPU.Build.0 = Release|Any CPU
		{85213D5F-4F3D-400A-AA42-EFFB2BE681E1}.Release|Mixed Platforms.ActiveCfg = Release|Any CPU
		{85213D5F-4F3D-400A-AA42-EFFB2BE681E1}.Release|Mixed Platforms.Build.0 = Release|Any CPU
		{0A16609A-B619-43FF-9C64-9FC970AF46D8}.Debug|.NET.ActiveCfg = Debug|Any CPU
		{0A16609A-B619-43FF-9C64-9FC970AF46D8}.Debug|Any CPU.ActiveCfg = Debug|Any CPU
		{0A16609A-B619-43FF-9C64-9FC970AF46D8}.Debug|Any CPU.Build.0 = Debug|Any CPU
		{0A16609A-B619-43FF-9C64-9FC970AF46D8}.Debug|Mixed Platforms.ActiveCfg = Debug|Any CPU
		{0A16609A-B619-43FF-9C64-9FC970AF46D8}.Debug|Mixed Platforms.Build.0 = Debug|Any CPU
		{0A16609A-B619-43FF-9C64-9FC970AF46D8}.Release|.NET.ActiveCfg = Release|Any CPU
		{0A16609A-B619-43FF-9C64-9FC970AF46D8}.Release|Any CPU.ActiveCfg = Release|Any CPU
		{0A16609A-B619-43FF-9C64-9FC970AF46D8}.Release|Any CPU.Build.0 = Release|Any CPU
		{0A16609A-B619-43FF-9C64-9FC970AF46D8}.Release|Mixed Platforms.ActiveCfg = Release|Any CPU
		{0A16609A-B619-43FF-9C64-9FC970AF46D8}.Release|Mixed Platforms.Build.0 = Release|Any CPU
		{1C64BA8C-9AC2-4E38-929D-C1BF84DB3361}.Debug|.NET.ActiveCfg = Debug|Any CPU
		{1C64BA8C-9AC2-4E38-929D-C1BF84DB3361}.Debug|Any CPU.ActiveCfg = Debug|Any CPU
		{1C64BA8C-9AC2-4E38-929D-C1BF84DB3361}.Debug|Any CPU.Build.0 = Debug|Any CPU
		{1C64BA8C-9AC2-4E38-929D-C1BF84DB3361}.Debug|Mixed Platforms.ActiveCfg = Debug|Any CPU
		{1C64BA8C-9AC2-4E38-929D-C1BF84DB3361}.Debug|Mixed Platforms.Build.0 = Debug|Any CPU
		{1C64BA8C-9AC2-4E38-929D-C1BF84DB3361}.Release|.NET.ActiveCfg = Release|Any CPU
		{1C64BA8C-9AC2-4E38-929D-C1BF84DB3361}.Release|Any CPU.ActiveCfg = Release|Any CPU
		{1C64BA8C-9AC2-4E38-929D-C1BF84DB3361}.Release|Any CPU.Build.0 = Release|Any CPU
		{1C64BA8C-9AC2-4E38-929D-C1BF84DB3361}.Release|Mixed Platforms.ActiveCfg = Release|Any CPU
		{1C64BA8C-9AC2-4E38-929D-C1BF84DB3361}.Release|Mixed Platforms.Build.0 = Release|Any CPU
		{2C58869E-0F4A-4B4B-8B8D-6E9674CE909F}.Debug|.NET.ActiveCfg = Debug|Any CPU
		{2C58869E-0F4A-4B4B-8B8D-6E9674CE909F}.Debug|Any CPU.ActiveCfg = Debug|Any CPU
		{2C58869E-0F4A-4B4B-8B8D-6E9674CE909F}.Debug|Any CPU.Build.0 = Debug|Any CPU
		{2C58869E-0F4A-4B4B-8B8D-6E9674CE909F}.Debug|Mixed Platforms.ActiveCfg = Debug|Any CPU
		{2C58869E-0F4A-4B4B-8B8D-6E9674CE909F}.Debug|Mixed Platforms.Build.0 = Debug|Any CPU
		{2C58869E-0F4A-4B4B-8B8D-6E9674CE909F}.Release|.NET.ActiveCfg = Release|Any CPU
		{2C58869E-0F4A-4B4B-8B8D-6E9674CE909F}.Release|Any CPU.ActiveCfg = Release|Any CPU
		{2C58869E-0F4A-4B4B-8B8D-6E9674CE909F}.Release|Any CPU.Build.0 = Release|Any CPU
		{2C58869E-0F4A-4B4B-8B8D-6E9674CE909F}.Release|Mixed Platforms.ActiveCfg = Release|Any CPU
		{2C58869E-0F4A-4B4B-8B8D-6E9674CE909F}.Release|Mixed Platforms.Build.0 = Release|Any CPU
		{421D0A33-2270-4388-BC1E-0BFDD68340B2}.Debug|.NET.ActiveCfg = Debug|Any CPU
		{421D0A33-2270-4388-BC1E-0BFDD68340B2}.Debug|Any CPU.ActiveCfg = Debug|Any CPU
		{421D0A33-2270-4388-BC1E-0BFDD68340B2}.Debug|Any CPU.Build.0 = Debug|Any CPU
		{421D0A33-2270-4388-BC1E-0BFDD68340B2}.Debug|Mixed Platforms.ActiveCfg = Debug|Any CPU
		{421D0A33-2270-4388-BC1E-0BFDD68340B2}.Debug|Mixed Platforms.Build.0 = Debug|Any CPU
		{421D0A33-2270-4388-BC1E-0BFDD68340B2}.Release|.NET.ActiveCfg = Release|Any CPU
		{421D0A33-2270-4388-BC1E-0BFDD68340B2}.Release|Any CPU.ActiveCfg = Release|Any CPU
		{421D0A33-2270-4388-BC1E-0BFDD68340B2}.Release|Any CPU.Build.0 = Release|Any CPU
		{421D0A33-2270-4388-BC1E-0BFDD68340B2}.Release|Mixed Platforms.ActiveCfg = Release|Any CPU
		{421D0A33-2270-4388-BC1E-0BFDD68340B2}.Release|Mixed Platforms.Build.0 = Release|Any CPU
		{26EFCB1D-B1FB-4929-976E-4EC42D844FF8}.Debug|.NET.ActiveCfg = Debug|Any CPU
		{26EFCB1D-B1FB-4929-976E-4EC42D844FF8}.Debug|Any CPU.ActiveCfg = Debug|Any CPU
		{26EFCB1D-B1FB-4929-976E-4EC42D844FF8}.Debug|Any CPU.Build.0 = Debug|Any CPU
		{26EFCB1D-B1FB-4929-976E-4EC42D844FF8}.Debug|Mixed Platforms.ActiveCfg = Debug|Any CPU
		{26EFCB1D-B1FB-4929-976E-4EC42D844FF8}.Debug|Mixed Platforms.Build.0 = Debug|Any CPU
		{26EFCB1D-B1FB-4929-976E-4EC42D844FF8}.Release|.NET.ActiveCfg = Release|Any CPU
		{26EFCB1D-B1FB-4929-976E-4EC42D844FF8}.Release|Any CPU.ActiveCfg = Release|Any CPU
		{26EFCB1D-B1FB-4929-976E-4EC42D844FF8}.Release|Any CPU.Build.0 = Release|Any CPU
		{26EFCB1D-B1FB-4929-976E-4EC42D844FF8}.Release|Mixed Platforms.ActiveCfg = Release|Any CPU
		{26EFCB1D-B1FB-4929-976E-4EC42D844FF8}.Release|Mixed Platforms.Build.0 = Release|Any CPU
		{FDBF4787-9F3B-4983-AADA-5F4F115B2EAE}.Debug|.NET.ActiveCfg = Debug|Any CPU
		{FDBF4787-9F3B-4983-AADA-5F4F115B2EAE}.Debug|Any CPU.ActiveCfg = Debug|Any CPU
		{FDBF4787-9F3B-4983-AADA-5F4F115B2EAE}.Debug|Any CPU.Build.0 = Debug|Any CPU
		{FDBF4787-9F3B-4983-AADA-5F4F115B2EAE}.Debug|Mixed Platforms.ActiveCfg = Debug|Any CPU
		{FDBF4787-9F3B-4983-AADA-5F4F115B2EAE}.Debug|Mixed Platforms.Build.0 = Debug|Any CPU
		{FDBF4787-9F3B-4983-AADA-5F4F115B2EAE}.Release|.NET.ActiveCfg = Release|Any CPU
		{FDBF4787-9F3B-4983-AADA-5F4F115B2EAE}.Release|Any CPU.ActiveCfg = Release|Any CPU
		{FDBF4787-9F3B-4983-AADA-5F4F115B2EAE}.Release|Any CPU.Build.0 = Release|Any CPU
		{FDBF4787-9F3B-4983-AADA-5F4F115B2EAE}.Release|Mixed Platforms.ActiveCfg = Release|Any CPU
		{FDBF4787-9F3B-4983-AADA-5F4F115B2EAE}.Release|Mixed Platforms.Build.0 = Release|Any CPU
		{1A6C334E-159A-4189-AA03-F8CC1639A7D0}.Debug|.NET.ActiveCfg = Debug|Any CPU
		{1A6C334E-159A-4189-AA03-F8CC1639A7D0}.Debug|Any CPU.ActiveCfg = Debug|Any CPU
		{1A6C334E-159A-4189-AA03-F8CC1639A7D0}.Debug|Any CPU.Build.0 = Debug|Any CPU
		{1A6C334E-159A-4189-AA03-F8CC1639A7D0}.Debug|Mixed Platforms.ActiveCfg = Debug|Any CPU
		{1A6C334E-159A-4189-AA03-F8CC1639A7D0}.Debug|Mixed Platforms.Build.0 = Debug|Any CPU
		{1A6C334E-159A-4189-AA03-F8CC1639A7D0}.Release|.NET.ActiveCfg = Release|Any CPU
		{1A6C334E-159A-4189-AA03-F8CC1639A7D0}.Release|Any CPU.ActiveCfg = Release|Any CPU
		{1A6C334E-159A-4189-AA03-F8CC1639A7D0}.Release|Any CPU.Build.0 = Release|Any CPU
		{1A6C334E-159A-4189-AA03-F8CC1639A7D0}.Release|Mixed Platforms.ActiveCfg = Release|Any CPU
		{1A6C334E-159A-4189-AA03-F8CC1639A7D0}.Release|Mixed Platforms.Build.0 = Release|Any CPU
		{D4F36AD3-4364-4CB8-9B8E-BEE281838AD1}.Debug|.NET.ActiveCfg = Debug|Any CPU
		{D4F36AD3-4364-4CB8-9B8E-BEE281838AD1}.Debug|Any CPU.ActiveCfg = Debug|Any CPU
		{D4F36AD3-4364-4CB8-9B8E-BEE281838AD1}.Debug|Any CPU.Build.0 = Debug|Any CPU
		{D4F36AD3-4364-4CB8-9B8E-BEE281838AD1}.Debug|Mixed Platforms.ActiveCfg = Debug|Any CPU
		{D4F36AD3-4364-4CB8-9B8E-BEE281838AD1}.Debug|Mixed Platforms.Build.0 = Debug|Any CPU
		{D4F36AD3-4364-4CB8-9B8E-BEE281838AD1}.Release|.NET.ActiveCfg = Release|Any CPU
		{D4F36AD3-4364-4CB8-9B8E-BEE281838AD1}.Release|Any CPU.ActiveCfg = Release|Any CPU
		{D4F36AD3-4364-4CB8-9B8E-BEE281838AD1}.Release|Any CPU.Build.0 = Release|Any CPU
		{D4F36AD3-4364-4CB8-9B8E-BEE281838AD1}.Release|Mixed Platforms.ActiveCfg = Release|Any CPU
		{D4F36AD3-4364-4CB8-9B8E-BEE281838AD1}.Release|Mixed Platforms.Build.0 = Release|Any CPU
		{FD9697B1-CAE3-422A-8067-9462C52B7DB5}.Debug|.NET.ActiveCfg = Debug|Any CPU
		{FD9697B1-CAE3-422A-8067-9462C52B7DB5}.Debug|Any CPU.ActiveCfg = Debug|Any CPU
		{FD9697B1-CAE3-422A-8067-9462C52B7DB5}.Debug|Any CPU.Build.0 = Debug|Any CPU
		{FD9697B1-CAE3-422A-8067-9462C52B7DB5}.Debug|Mixed Platforms.ActiveCfg = Debug|Any CPU
		{FD9697B1-CAE3-422A-8067-9462C52B7DB5}.Debug|Mixed Platforms.Build.0 = Debug|Any CPU
		{FD9697B1-CAE3-422A-8067-9462C52B7DB5}.Release|.NET.ActiveCfg = Release|Any CPU
		{FD9697B1-CAE3-422A-8067-9462C52B7DB5}.Release|Any CPU.ActiveCfg = Release|Any CPU
		{FD9697B1-CAE3-422A-8067-9462C52B7DB5}.Release|Any CPU.Build.0 = Release|Any CPU
		{FD9697B1-CAE3-422A-8067-9462C52B7DB5}.Release|Mixed Platforms.ActiveCfg = Release|Any CPU
		{FD9697B1-CAE3-422A-8067-9462C52B7DB5}.Release|Mixed Platforms.Build.0 = Release|Any CPU
		{1B0F8110-77F5-468D-B49D-1CBD063E45C2}.Debug|.NET.ActiveCfg = Debug|Any CPU
		{1B0F8110-77F5-468D-B49D-1CBD063E45C2}.Debug|Any CPU.ActiveCfg = Debug|Any CPU
		{1B0F8110-77F5-468D-B49D-1CBD063E45C2}.Debug|Any CPU.Build.0 = Debug|Any CPU
		{1B0F8110-77F5-468D-B49D-1CBD063E45C2}.Debug|Mixed Platforms.ActiveCfg = Debug|Any CPU
		{1B0F8110-77F5-468D-B49D-1CBD063E45C2}.Debug|Mixed Platforms.Build.0 = Debug|Any CPU
		{1B0F8110-77F5-468D-B49D-1CBD063E45C2}.Release|.NET.ActiveCfg = Release|Any CPU
		{1B0F8110-77F5-468D-B49D-1CBD063E45C2}.Release|Any CPU.ActiveCfg = Release|Any CPU
		{1B0F8110-77F5-468D-B49D-1CBD063E45C2}.Release|Any CPU.Build.0 = Release|Any CPU
		{1B0F8110-77F5-468D-B49D-1CBD063E45C2}.Release|Mixed Platforms.ActiveCfg = Release|Any CPU
		{1B0F8110-77F5-468D-B49D-1CBD063E45C2}.Release|Mixed Platforms.Build.0 = Release|Any CPU
		{9590BE7F-6577-433A-AAB5-E8C8EDFBEA6E}.Debug|.NET.ActiveCfg = Debug|Any CPU
		{9590BE7F-6577-433A-AAB5-E8C8EDFBEA6E}.Debug|Any CPU.ActiveCfg = Debug|Any CPU
		{9590BE7F-6577-433A-AAB5-E8C8EDFBEA6E}.Debug|Any CPU.Build.0 = Debug|Any CPU
		{9590BE7F-6577-433A-AAB5-E8C8EDFBEA6E}.Debug|Mixed Platforms.ActiveCfg = Debug|Any CPU
		{9590BE7F-6577-433A-AAB5-E8C8EDFBEA6E}.Debug|Mixed Platforms.Build.0 = Debug|Any CPU
		{9590BE7F-6577-433A-AAB5-E8C8EDFBEA6E}.Release|.NET.ActiveCfg = Release|Any CPU
		{9590BE7F-6577-433A-AAB5-E8C8EDFBEA6E}.Release|Any CPU.ActiveCfg = Release|Any CPU
		{9590BE7F-6577-433A-AAB5-E8C8EDFBEA6E}.Release|Any CPU.Build.0 = Release|Any CPU
		{9590BE7F-6577-433A-AAB5-E8C8EDFBEA6E}.Release|Mixed Platforms.ActiveCfg = Release|Any CPU
		{9590BE7F-6577-433A-AAB5-E8C8EDFBEA6E}.Release|Mixed Platforms.Build.0 = Release|Any CPU
		{1907A87F-2BB8-4649-9200-46B5C6CB8841}.Debug|.NET.ActiveCfg = Debug|Any CPU
		{1907A87F-2BB8-4649-9200-46B5C6CB8841}.Debug|Any CPU.ActiveCfg = Debug|Any CPU
		{1907A87F-2BB8-4649-9200-46B5C6CB8841}.Debug|Any CPU.Build.0 = Debug|Any CPU
		{1907A87F-2BB8-4649-9200-46B5C6CB8841}.Debug|Mixed Platforms.ActiveCfg = Debug|Any CPU
		{1907A87F-2BB8-4649-9200-46B5C6CB8841}.Debug|Mixed Platforms.Build.0 = Debug|Any CPU
		{1907A87F-2BB8-4649-9200-46B5C6CB8841}.Release|.NET.ActiveCfg = Release|Any CPU
		{1907A87F-2BB8-4649-9200-46B5C6CB8841}.Release|Any CPU.ActiveCfg = Release|Any CPU
		{1907A87F-2BB8-4649-9200-46B5C6CB8841}.Release|Any CPU.Build.0 = Release|Any CPU
		{1907A87F-2BB8-4649-9200-46B5C6CB8841}.Release|Mixed Platforms.ActiveCfg = Release|Any CPU
		{1907A87F-2BB8-4649-9200-46B5C6CB8841}.Release|Mixed Platforms.Build.0 = Release|Any CPU
		{76EB5D9A-4A9B-4B5C-A21D-A2D75A406079}.Debug|.NET.ActiveCfg = Debug|Any CPU
		{76EB5D9A-4A9B-4B5C-A21D-A2D75A406079}.Debug|Any CPU.ActiveCfg = Debug|Any CPU
		{76EB5D9A-4A9B-4B5C-A21D-A2D75A406079}.Debug|Any CPU.Build.0 = Debug|Any CPU
		{76EB5D9A-4A9B-4B5C-A21D-A2D75A406079}.Debug|Mixed Platforms.ActiveCfg = Debug|Any CPU
		{76EB5D9A-4A9B-4B5C-A21D-A2D75A406079}.Debug|Mixed Platforms.Build.0 = Debug|Any CPU
		{76EB5D9A-4A9B-4B5C-A21D-A2D75A406079}.Release|.NET.ActiveCfg = Release|Any CPU
		{76EB5D9A-4A9B-4B5C-A21D-A2D75A406079}.Release|Any CPU.ActiveCfg = Release|Any CPU
		{76EB5D9A-4A9B-4B5C-A21D-A2D75A406079}.Release|Any CPU.Build.0 = Release|Any CPU
		{76EB5D9A-4A9B-4B5C-A21D-A2D75A406079}.Release|Mixed Platforms.ActiveCfg = Release|Any CPU
		{76EB5D9A-4A9B-4B5C-A21D-A2D75A406079}.Release|Mixed Platforms.Build.0 = Release|Any CPU
		{EF70B75A-2DCD-4BAD-9E45-ED6873D0D719}.Debug|.NET.ActiveCfg = Debug|Any CPU
		{EF70B75A-2DCD-4BAD-9E45-ED6873D0D719}.Debug|Any CPU.ActiveCfg = Debug|Any CPU
		{EF70B75A-2DCD-4BAD-9E45-ED6873D0D719}.Debug|Any CPU.Build.0 = Debug|Any CPU
		{EF70B75A-2DCD-4BAD-9E45-ED6873D0D719}.Debug|Mixed Platforms.ActiveCfg = Debug|Any CPU
		{EF70B75A-2DCD-4BAD-9E45-ED6873D0D719}.Debug|Mixed Platforms.Build.0 = Debug|Any CPU
		{EF70B75A-2DCD-4BAD-9E45-ED6873D0D719}.Release|.NET.ActiveCfg = Release|Any CPU
		{EF70B75A-2DCD-4BAD-9E45-ED6873D0D719}.Release|Any CPU.ActiveCfg = Release|Any CPU
		{EF70B75A-2DCD-4BAD-9E45-ED6873D0D719}.Release|Any CPU.Build.0 = Release|Any CPU
		{EF70B75A-2DCD-4BAD-9E45-ED6873D0D719}.Release|Mixed Platforms.ActiveCfg = Release|Any CPU
		{EF70B75A-2DCD-4BAD-9E45-ED6873D0D719}.Release|Mixed Platforms.Build.0 = Release|Any CPU
		{D51A183D-7F3D-454B-8CF5-487E1F8F8F72}.Debug|.NET.ActiveCfg = Debug|Any CPU
		{D51A183D-7F3D-454B-8CF5-487E1F8F8F72}.Debug|Any CPU.ActiveCfg = Debug|Any CPU
		{D51A183D-7F3D-454B-8CF5-487E1F8F8F72}.Debug|Any CPU.Build.0 = Debug|Any CPU
		{D51A183D-7F3D-454B-8CF5-487E1F8F8F72}.Debug|Mixed Platforms.ActiveCfg = Debug|Any CPU
		{D51A183D-7F3D-454B-8CF5-487E1F8F8F72}.Debug|Mixed Platforms.Build.0 = Debug|Any CPU
		{D51A183D-7F3D-454B-8CF5-487E1F8F8F72}.Release|.NET.ActiveCfg = Release|Any CPU
		{D51A183D-7F3D-454B-8CF5-487E1F8F8F72}.Release|Any CPU.ActiveCfg = Release|Any CPU
		{D51A183D-7F3D-454B-8CF5-487E1F8F8F72}.Release|Any CPU.Build.0 = Release|Any CPU
		{D51A183D-7F3D-454B-8CF5-487E1F8F8F72}.Release|Mixed Platforms.ActiveCfg = Release|Any CPU
		{D51A183D-7F3D-454B-8CF5-487E1F8F8F72}.Release|Mixed Platforms.Build.0 = Release|Any CPU
		{E6FFDA9D-3D3E-426D-93B8-A34F01571CA9}.Debug|.NET.ActiveCfg = Debug|Any CPU
		{E6FFDA9D-3D3E-426D-93B8-A34F01571CA9}.Debug|Any CPU.ActiveCfg = Debug|Any CPU
		{E6FFDA9D-3D3E-426D-93B8-A34F01571CA9}.Debug|Any CPU.Build.0 = Debug|Any CPU
		{E6FFDA9D-3D3E-426D-93B8-A34F01571CA9}.Debug|Mixed Platforms.ActiveCfg = Debug|Any CPU
		{E6FFDA9D-3D3E-426D-93B8-A34F01571CA9}.Debug|Mixed Platforms.Build.0 = Debug|Any CPU
		{E6FFDA9D-3D3E-426D-93B8-A34F01571CA9}.Release|.NET.ActiveCfg = Release|Any CPU
		{E6FFDA9D-3D3E-426D-93B8-A34F01571CA9}.Release|Any CPU.ActiveCfg = Release|Any CPU
		{E6FFDA9D-3D3E-426D-93B8-A34F01571CA9}.Release|Any CPU.Build.0 = Release|Any CPU
		{E6FFDA9D-3D3E-426D-93B8-A34F01571CA9}.Release|Mixed Platforms.ActiveCfg = Release|Any CPU
		{E6FFDA9D-3D3E-426D-93B8-A34F01571CA9}.Release|Mixed Platforms.Build.0 = Release|Any CPU
		{FEA510A9-9E2E-4F3F-86DC-BF8A2B892C21}.Debug|.NET.ActiveCfg = Debug|Any CPU
		{FEA510A9-9E2E-4F3F-86DC-BF8A2B892C21}.Debug|Any CPU.ActiveCfg = Debug|Any CPU
		{FEA510A9-9E2E-4F3F-86DC-BF8A2B892C21}.Debug|Any CPU.Build.0 = Debug|Any CPU
		{FEA510A9-9E2E-4F3F-86DC-BF8A2B892C21}.Debug|Mixed Platforms.ActiveCfg = Debug|Any CPU
		{FEA510A9-9E2E-4F3F-86DC-BF8A2B892C21}.Debug|Mixed Platforms.Build.0 = Debug|Any CPU
		{FEA510A9-9E2E-4F3F-86DC-BF8A2B892C21}.Release|.NET.ActiveCfg = Release|Any CPU
		{FEA510A9-9E2E-4F3F-86DC-BF8A2B892C21}.Release|Any CPU.ActiveCfg = Release|Any CPU
		{FEA510A9-9E2E-4F3F-86DC-BF8A2B892C21}.Release|Any CPU.Build.0 = Release|Any CPU
		{FEA510A9-9E2E-4F3F-86DC-BF8A2B892C21}.Release|Mixed Platforms.ActiveCfg = Release|Any CPU
		{FEA510A9-9E2E-4F3F-86DC-BF8A2B892C21}.Release|Mixed Platforms.Build.0 = Release|Any CPU
		{CE73634D-C965-41C7-9641-A2AA57E64EA1}.Debug|.NET.ActiveCfg = Debug|Any CPU
		{CE73634D-C965-41C7-9641-A2AA57E64EA1}.Debug|Any CPU.ActiveCfg = Debug|Any CPU
		{CE73634D-C965-41C7-9641-A2AA57E64EA1}.Debug|Any CPU.Build.0 = Debug|Any CPU
		{CE73634D-C965-41C7-9641-A2AA57E64EA1}.Debug|Mixed Platforms.ActiveCfg = Debug|Any CPU
		{CE73634D-C965-41C7-9641-A2AA57E64EA1}.Debug|Mixed Platforms.Build.0 = Debug|Any CPU
		{CE73634D-C965-41C7-9641-A2AA57E64EA1}.Release|.NET.ActiveCfg = Release|Any CPU
		{CE73634D-C965-41C7-9641-A2AA57E64EA1}.Release|Any CPU.ActiveCfg = Release|Any CPU
		{CE73634D-C965-41C7-9641-A2AA57E64EA1}.Release|Any CPU.Build.0 = Release|Any CPU
		{CE73634D-C965-41C7-9641-A2AA57E64EA1}.Release|Mixed Platforms.ActiveCfg = Release|Any CPU
		{CE73634D-C965-41C7-9641-A2AA57E64EA1}.Release|Mixed Platforms.Build.0 = Release|Any CPU
		{11909F13-9457-4FFA-AEF9-05EE8A4C446F}.Debug|.NET.ActiveCfg = Debug|Any CPU
		{11909F13-9457-4FFA-AEF9-05EE8A4C446F}.Debug|Any CPU.ActiveCfg = Debug|Any CPU
		{11909F13-9457-4FFA-AEF9-05EE8A4C446F}.Debug|Any CPU.Build.0 = Debug|Any CPU
		{11909F13-9457-4FFA-AEF9-05EE8A4C446F}.Debug|Mixed Platforms.ActiveCfg = Debug|Any CPU
		{11909F13-9457-4FFA-AEF9-05EE8A4C446F}.Debug|Mixed Platforms.Build.0 = Debug|Any CPU
		{11909F13-9457-4FFA-AEF9-05EE8A4C446F}.Release|.NET.ActiveCfg = Release|Any CPU
		{11909F13-9457-4FFA-AEF9-05EE8A4C446F}.Release|Any CPU.ActiveCfg = Release|Any CPU
		{11909F13-9457-4FFA-AEF9-05EE8A4C446F}.Release|Any CPU.Build.0 = Release|Any CPU
		{11909F13-9457-4FFA-AEF9-05EE8A4C446F}.Release|Mixed Platforms.ActiveCfg = Release|Any CPU
		{11909F13-9457-4FFA-AEF9-05EE8A4C446F}.Release|Mixed Platforms.Build.0 = Release|Any CPU
		{ACAD6277-B0C1-42A2-9804-55B6F594335A}.Debug|.NET.ActiveCfg = Debug|Any CPU
		{ACAD6277-B0C1-42A2-9804-55B6F594335A}.Debug|Any CPU.ActiveCfg = Debug|Any CPU
		{ACAD6277-B0C1-42A2-9804-55B6F594335A}.Debug|Any CPU.Build.0 = Debug|Any CPU
		{ACAD6277-B0C1-42A2-9804-55B6F594335A}.Debug|Mixed Platforms.ActiveCfg = Debug|Any CPU
		{ACAD6277-B0C1-42A2-9804-55B6F594335A}.Debug|Mixed Platforms.Build.0 = Debug|Any CPU
		{ACAD6277-B0C1-42A2-9804-55B6F594335A}.Release|.NET.ActiveCfg = Release|Any CPU
		{ACAD6277-B0C1-42A2-9804-55B6F594335A}.Release|Any CPU.ActiveCfg = Release|Any CPU
		{ACAD6277-B0C1-42A2-9804-55B6F594335A}.Release|Any CPU.Build.0 = Release|Any CPU
		{ACAD6277-B0C1-42A2-9804-55B6F594335A}.Release|Mixed Platforms.ActiveCfg = Release|Any CPU
		{ACAD6277-B0C1-42A2-9804-55B6F594335A}.Release|Mixed Platforms.Build.0 = Release|Any CPU
		{6AA5124D-B951-4152-AC3F-CE901569A24B}.Debug|.NET.ActiveCfg = Debug|Any CPU
		{6AA5124D-B951-4152-AC3F-CE901569A24B}.Debug|Any CPU.ActiveCfg = Debug|Any CPU
		{6AA5124D-B951-4152-AC3F-CE901569A24B}.Debug|Any CPU.Build.0 = Debug|Any CPU
		{6AA5124D-B951-4152-AC3F-CE901569A24B}.Debug|Mixed Platforms.ActiveCfg = Debug|Any CPU
		{6AA5124D-B951-4152-AC3F-CE901569A24B}.Debug|Mixed Platforms.Build.0 = Debug|Any CPU
		{6AA5124D-B951-4152-AC3F-CE901569A24B}.Release|.NET.ActiveCfg = Release|Any CPU
		{6AA5124D-B951-4152-AC3F-CE901569A24B}.Release|Any CPU.ActiveCfg = Release|Any CPU
		{6AA5124D-B951-4152-AC3F-CE901569A24B}.Release|Any CPU.Build.0 = Release|Any CPU
		{6AA5124D-B951-4152-AC3F-CE901569A24B}.Release|Mixed Platforms.ActiveCfg = Release|Any CPU
		{6AA5124D-B951-4152-AC3F-CE901569A24B}.Release|Mixed Platforms.Build.0 = Release|Any CPU
		{50F9B758-6392-4632-A49D-568F75A69E26}.Debug|.NET.ActiveCfg = Debug|Any CPU
		{50F9B758-6392-4632-A49D-568F75A69E26}.Debug|Any CPU.ActiveCfg = Debug|Any CPU
		{50F9B758-6392-4632-A49D-568F75A69E26}.Debug|Any CPU.Build.0 = Debug|Any CPU
		{50F9B758-6392-4632-A49D-568F75A69E26}.Debug|Mixed Platforms.ActiveCfg = Debug|Any CPU
		{50F9B758-6392-4632-A49D-568F75A69E26}.Debug|Mixed Platforms.Build.0 = Debug|Any CPU
		{50F9B758-6392-4632-A49D-568F75A69E26}.Release|.NET.ActiveCfg = Release|Any CPU
		{50F9B758-6392-4632-A49D-568F75A69E26}.Release|Any CPU.ActiveCfg = Release|Any CPU
		{50F9B758-6392-4632-A49D-568F75A69E26}.Release|Any CPU.Build.0 = Release|Any CPU
		{50F9B758-6392-4632-A49D-568F75A69E26}.Release|Mixed Platforms.ActiveCfg = Release|Any CPU
		{50F9B758-6392-4632-A49D-568F75A69E26}.Release|Mixed Platforms.Build.0 = Release|Any CPU
		{33A438D8-6B7B-4011-9037-4FCD018F7421}.Debug|.NET.ActiveCfg = Debug|Any CPU
		{33A438D8-6B7B-4011-9037-4FCD018F7421}.Debug|Any CPU.ActiveCfg = Debug|Any CPU
		{33A438D8-6B7B-4011-9037-4FCD018F7421}.Debug|Any CPU.Build.0 = Debug|Any CPU
		{33A438D8-6B7B-4011-9037-4FCD018F7421}.Debug|Mixed Platforms.ActiveCfg = Debug|Any CPU
		{33A438D8-6B7B-4011-9037-4FCD018F7421}.Debug|Mixed Platforms.Build.0 = Debug|Any CPU
		{33A438D8-6B7B-4011-9037-4FCD018F7421}.Release|.NET.ActiveCfg = Release|Any CPU
		{33A438D8-6B7B-4011-9037-4FCD018F7421}.Release|Any CPU.ActiveCfg = Release|Any CPU
		{33A438D8-6B7B-4011-9037-4FCD018F7421}.Release|Any CPU.Build.0 = Release|Any CPU
		{33A438D8-6B7B-4011-9037-4FCD018F7421}.Release|Mixed Platforms.ActiveCfg = Release|Any CPU
		{33A438D8-6B7B-4011-9037-4FCD018F7421}.Release|Mixed Platforms.Build.0 = Release|Any CPU
		{C4ECAA90-2E54-4C97-B724-45531E383080}.Debug|.NET.ActiveCfg = Debug|Any CPU
		{C4ECAA90-2E54-4C97-B724-45531E383080}.Debug|Any CPU.ActiveCfg = Debug|Any CPU
		{C4ECAA90-2E54-4C97-B724-45531E383080}.Debug|Any CPU.Build.0 = Debug|Any CPU
		{C4ECAA90-2E54-4C97-B724-45531E383080}.Debug|Mixed Platforms.ActiveCfg = Debug|Any CPU
		{C4ECAA90-2E54-4C97-B724-45531E383080}.Debug|Mixed Platforms.Build.0 = Debug|Any CPU
		{C4ECAA90-2E54-4C97-B724-45531E383080}.Release|.NET.ActiveCfg = Release|Any CPU
		{C4ECAA90-2E54-4C97-B724-45531E383080}.Release|Any CPU.ActiveCfg = Release|Any CPU
		{C4ECAA90-2E54-4C97-B724-45531E383080}.Release|Any CPU.Build.0 = Release|Any CPU
		{C4ECAA90-2E54-4C97-B724-45531E383080}.Release|Mixed Platforms.ActiveCfg = Release|Any CPU
		{C4ECAA90-2E54-4C97-B724-45531E383080}.Release|Mixed Platforms.Build.0 = Release|Any CPU
		{3FF4A488-07DD-4847-88D5-90670E71D39A}.Debug|.NET.ActiveCfg = Debug|Any CPU
		{3FF4A488-07DD-4847-88D5-90670E71D39A}.Debug|Any CPU.ActiveCfg = Debug|Any CPU
		{3FF4A488-07DD-4847-88D5-90670E71D39A}.Debug|Any CPU.Build.0 = Debug|Any CPU
		{3FF4A488-07DD-4847-88D5-90670E71D39A}.Debug|Mixed Platforms.ActiveCfg = Debug|Any CPU
		{3FF4A488-07DD-4847-88D5-90670E71D39A}.Debug|Mixed Platforms.Build.0 = Debug|Any CPU
		{3FF4A488-07DD-4847-88D5-90670E71D39A}.Release|.NET.ActiveCfg = Release|Any CPU
		{3FF4A488-07DD-4847-88D5-90670E71D39A}.Release|Any CPU.ActiveCfg = Release|Any CPU
		{3FF4A488-07DD-4847-88D5-90670E71D39A}.Release|Any CPU.Build.0 = Release|Any CPU
		{3FF4A488-07DD-4847-88D5-90670E71D39A}.Release|Mixed Platforms.ActiveCfg = Release|Any CPU
		{3FF4A488-07DD-4847-88D5-90670E71D39A}.Release|Mixed Platforms.Build.0 = Release|Any CPU
		{128EEB4C-DE60-4533-B819-4C53AB4BB2C2}.Debug|.NET.ActiveCfg = Debug|Any CPU
		{128EEB4C-DE60-4533-B819-4C53AB4BB2C2}.Debug|Any CPU.ActiveCfg = Debug|Any CPU
		{128EEB4C-DE60-4533-B819-4C53AB4BB2C2}.Debug|Any CPU.Build.0 = Debug|Any CPU
		{128EEB4C-DE60-4533-B819-4C53AB4BB2C2}.Debug|Mixed Platforms.ActiveCfg = Debug|Any CPU
		{128EEB4C-DE60-4533-B819-4C53AB4BB2C2}.Debug|Mixed Platforms.Build.0 = Debug|Any CPU
		{128EEB4C-DE60-4533-B819-4C53AB4BB2C2}.Release|.NET.ActiveCfg = Release|Any CPU
		{128EEB4C-DE60-4533-B819-4C53AB4BB2C2}.Release|Any CPU.ActiveCfg = Release|Any CPU
		{128EEB4C-DE60-4533-B819-4C53AB4BB2C2}.Release|Any CPU.Build.0 = Release|Any CPU
		{128EEB4C-DE60-4533-B819-4C53AB4BB2C2}.Release|Mixed Platforms.ActiveCfg = Release|Any CPU
		{128EEB4C-DE60-4533-B819-4C53AB4BB2C2}.Release|Mixed Platforms.Build.0 = Release|Any CPU
		{EA4DB865-734B-44D3-9AD9-132FD680446D}.Debug|.NET.ActiveCfg = Debug|Any CPU
		{EA4DB865-734B-44D3-9AD9-132FD680446D}.Debug|Any CPU.ActiveCfg = Debug|Any CPU
		{EA4DB865-734B-44D3-9AD9-132FD680446D}.Debug|Any CPU.Build.0 = Debug|Any CPU
		{EA4DB865-734B-44D3-9AD9-132FD680446D}.Debug|Mixed Platforms.ActiveCfg = Debug|Any CPU
		{EA4DB865-734B-44D3-9AD9-132FD680446D}.Debug|Mixed Platforms.Build.0 = Debug|Any CPU
		{EA4DB865-734B-44D3-9AD9-132FD680446D}.Release|.NET.ActiveCfg = Release|Any CPU
		{EA4DB865-734B-44D3-9AD9-132FD680446D}.Release|Any CPU.ActiveCfg = Release|Any CPU
		{EA4DB865-734B-44D3-9AD9-132FD680446D}.Release|Any CPU.Build.0 = Release|Any CPU
		{EA4DB865-734B-44D3-9AD9-132FD680446D}.Release|Mixed Platforms.ActiveCfg = Release|Any CPU
		{EA4DB865-734B-44D3-9AD9-132FD680446D}.Release|Mixed Platforms.Build.0 = Release|Any CPU
		{1DDF7042-F3E5-46D3-B6EF-C059D930CC06}.Debug|.NET.ActiveCfg = Debug|Any CPU
		{1DDF7042-F3E5-46D3-B6EF-C059D930CC06}.Debug|Any CPU.ActiveCfg = Debug|Any CPU
		{1DDF7042-F3E5-46D3-B6EF-C059D930CC06}.Debug|Any CPU.Build.0 = Debug|Any CPU
		{1DDF7042-F3E5-46D3-B6EF-C059D930CC06}.Debug|Mixed Platforms.ActiveCfg = Debug|Any CPU
		{1DDF7042-F3E5-46D3-B6EF-C059D930CC06}.Debug|Mixed Platforms.Build.0 = Debug|Any CPU
		{1DDF7042-F3E5-46D3-B6EF-C059D930CC06}.Release|.NET.ActiveCfg = Release|Any CPU
		{1DDF7042-F3E5-46D3-B6EF-C059D930CC06}.Release|Any CPU.ActiveCfg = Release|Any CPU
		{1DDF7042-F3E5-46D3-B6EF-C059D930CC06}.Release|Any CPU.Build.0 = Release|Any CPU
		{1DDF7042-F3E5-46D3-B6EF-C059D930CC06}.Release|Mixed Platforms.ActiveCfg = Release|Any CPU
		{1DDF7042-F3E5-46D3-B6EF-C059D930CC06}.Release|Mixed Platforms.Build.0 = Release|Any CPU
		{3805B41E-E1BD-4A0F-AA56-FC60F0364A9D}.Debug|.NET.ActiveCfg = Debug|Any CPU
		{3805B41E-E1BD-4A0F-AA56-FC60F0364A9D}.Debug|Any CPU.ActiveCfg = Debug|Any CPU
		{3805B41E-E1BD-4A0F-AA56-FC60F0364A9D}.Debug|Any CPU.Build.0 = Debug|Any CPU
		{3805B41E-E1BD-4A0F-AA56-FC60F0364A9D}.Debug|Mixed Platforms.ActiveCfg = Debug|Any CPU
		{3805B41E-E1BD-4A0F-AA56-FC60F0364A9D}.Debug|Mixed Platforms.Build.0 = Debug|Any CPU
		{3805B41E-E1BD-4A0F-AA56-FC60F0364A9D}.Release|.NET.ActiveCfg = Release|Any CPU
		{3805B41E-E1BD-4A0F-AA56-FC60F0364A9D}.Release|Any CPU.ActiveCfg = Release|Any CPU
		{3805B41E-E1BD-4A0F-AA56-FC60F0364A9D}.Release|Any CPU.Build.0 = Release|Any CPU
		{3805B41E-E1BD-4A0F-AA56-FC60F0364A9D}.Release|Mixed Platforms.ActiveCfg = Release|Any CPU
		{3805B41E-E1BD-4A0F-AA56-FC60F0364A9D}.Release|Mixed Platforms.Build.0 = Release|Any CPU
		{1BDC8E37-02BA-4A2A-92E7-789A16E30997}.Debug|.NET.ActiveCfg = Debug|Any CPU
		{1BDC8E37-02BA-4A2A-92E7-789A16E30997}.Debug|Any CPU.ActiveCfg = Debug|Any CPU
		{1BDC8E37-02BA-4A2A-92E7-789A16E30997}.Debug|Any CPU.Build.0 = Debug|Any CPU
		{1BDC8E37-02BA-4A2A-92E7-789A16E30997}.Debug|Mixed Platforms.ActiveCfg = Debug|Any CPU
		{1BDC8E37-02BA-4A2A-92E7-789A16E30997}.Debug|Mixed Platforms.Build.0 = Debug|Any CPU
		{1BDC8E37-02BA-4A2A-92E7-789A16E30997}.Release|.NET.ActiveCfg = Release|Any CPU
		{1BDC8E37-02BA-4A2A-92E7-789A16E30997}.Release|Any CPU.ActiveCfg = Release|Any CPU
		{1BDC8E37-02BA-4A2A-92E7-789A16E30997}.Release|Any CPU.Build.0 = Release|Any CPU
		{1BDC8E37-02BA-4A2A-92E7-789A16E30997}.Release|Mixed Platforms.ActiveCfg = Release|Any CPU
		{1BDC8E37-02BA-4A2A-92E7-789A16E30997}.Release|Mixed Platforms.Build.0 = Release|Any CPU
		{F0D38CF8-B5E2-4DC4-BC98-FA399F547CA7}.Debug|.NET.ActiveCfg = Debug|Any CPU
		{F0D38CF8-B5E2-4DC4-BC98-FA399F547CA7}.Debug|Any CPU.ActiveCfg = Debug|Any CPU
		{F0D38CF8-B5E2-4DC4-BC98-FA399F547CA7}.Debug|Any CPU.Build.0 = Debug|Any CPU
		{F0D38CF8-B5E2-4DC4-BC98-FA399F547CA7}.Debug|Mixed Platforms.ActiveCfg = Debug|Any CPU
		{F0D38CF8-B5E2-4DC4-BC98-FA399F547CA7}.Debug|Mixed Platforms.Build.0 = Debug|Any CPU
		{F0D38CF8-B5E2-4DC4-BC98-FA399F547CA7}.Release|.NET.ActiveCfg = Release|Any CPU
		{F0D38CF8-B5E2-4DC4-BC98-FA399F547CA7}.Release|Any CPU.ActiveCfg = Release|Any CPU
		{F0D38CF8-B5E2-4DC4-BC98-FA399F547CA7}.Release|Any CPU.Build.0 = Release|Any CPU
		{F0D38CF8-B5E2-4DC4-BC98-FA399F547CA7}.Release|Mixed Platforms.ActiveCfg = Release|Any CPU
		{F0D38CF8-B5E2-4DC4-BC98-FA399F547CA7}.Release|Mixed Platforms.Build.0 = Release|Any CPU
		{C38BEB2B-CBC6-4280-9D02-1AE52B0DB47B}.Debug|.NET.ActiveCfg = Debug|Any CPU
		{C38BEB2B-CBC6-4280-9D02-1AE52B0DB47B}.Debug|Any CPU.ActiveCfg = Debug|Any CPU
		{C38BEB2B-CBC6-4280-9D02-1AE52B0DB47B}.Debug|Any CPU.Build.0 = Debug|Any CPU
		{C38BEB2B-CBC6-4280-9D02-1AE52B0DB47B}.Debug|Mixed Platforms.ActiveCfg = Debug|Any CPU
		{C38BEB2B-CBC6-4280-9D02-1AE52B0DB47B}.Debug|Mixed Platforms.Build.0 = Debug|Any CPU
		{C38BEB2B-CBC6-4280-9D02-1AE52B0DB47B}.Release|.NET.ActiveCfg = Release|Any CPU
		{C38BEB2B-CBC6-4280-9D02-1AE52B0DB47B}.Release|Any CPU.ActiveCfg = Release|Any CPU
		{C38BEB2B-CBC6-4280-9D02-1AE52B0DB47B}.Release|Any CPU.Build.0 = Release|Any CPU
		{C38BEB2B-CBC6-4280-9D02-1AE52B0DB47B}.Release|Mixed Platforms.ActiveCfg = Release|Any CPU
		{C38BEB2B-CBC6-4280-9D02-1AE52B0DB47B}.Release|Mixed Platforms.Build.0 = Release|Any CPU
		{A3F4F9D4-AD60-46A1-85D1-AA396AF92065}.Debug|.NET.ActiveCfg = Debug|Any CPU
		{A3F4F9D4-AD60-46A1-85D1-AA396AF92065}.Debug|Any CPU.ActiveCfg = Debug|Any CPU
		{A3F4F9D4-AD60-46A1-85D1-AA396AF92065}.Debug|Any CPU.Build.0 = Debug|Any CPU
		{A3F4F9D4-AD60-46A1-85D1-AA396AF92065}.Debug|Mixed Platforms.ActiveCfg = Debug|Any CPU
		{A3F4F9D4-AD60-46A1-85D1-AA396AF92065}.Debug|Mixed Platforms.Build.0 = Debug|Any CPU
		{A3F4F9D4-AD60-46A1-85D1-AA396AF92065}.Release|.NET.ActiveCfg = Release|Any CPU
		{A3F4F9D4-AD60-46A1-85D1-AA396AF92065}.Release|Any CPU.ActiveCfg = Release|Any CPU
		{A3F4F9D4-AD60-46A1-85D1-AA396AF92065}.Release|Any CPU.Build.0 = Release|Any CPU
		{A3F4F9D4-AD60-46A1-85D1-AA396AF92065}.Release|Mixed Platforms.ActiveCfg = Release|Any CPU
		{A3F4F9D4-AD60-46A1-85D1-AA396AF92065}.Release|Mixed Platforms.Build.0 = Release|Any CPU
		{89E19BE8-E69D-4962-8DCA-3BF70E97E3BA}.Debug|.NET.ActiveCfg = Debug|Any CPU
		{89E19BE8-E69D-4962-8DCA-3BF70E97E3BA}.Debug|Any CPU.ActiveCfg = Debug|Any CPU
		{89E19BE8-E69D-4962-8DCA-3BF70E97E3BA}.Debug|Any CPU.Build.0 = Debug|Any CPU
		{89E19BE8-E69D-4962-8DCA-3BF70E97E3BA}.Debug|Mixed Platforms.ActiveCfg = Debug|Any CPU
		{89E19BE8-E69D-4962-8DCA-3BF70E97E3BA}.Debug|Mixed Platforms.Build.0 = Debug|Any CPU
		{89E19BE8-E69D-4962-8DCA-3BF70E97E3BA}.Release|.NET.ActiveCfg = Release|Any CPU
		{89E19BE8-E69D-4962-8DCA-3BF70E97E3BA}.Release|Any CPU.ActiveCfg = Release|Any CPU
		{89E19BE8-E69D-4962-8DCA-3BF70E97E3BA}.Release|Any CPU.Build.0 = Release|Any CPU
		{89E19BE8-E69D-4962-8DCA-3BF70E97E3BA}.Release|Mixed Platforms.ActiveCfg = Release|Any CPU
		{89E19BE8-E69D-4962-8DCA-3BF70E97E3BA}.Release|Mixed Platforms.Build.0 = Release|Any CPU
		{53748097-48A5-4714-8964-0F09338F67F5}.Debug|.NET.ActiveCfg = Debug|Any CPU
		{53748097-48A5-4714-8964-0F09338F67F5}.Debug|Any CPU.ActiveCfg = Debug|Any CPU
		{53748097-48A5-4714-8964-0F09338F67F5}.Debug|Any CPU.Build.0 = Debug|Any CPU
		{53748097-48A5-4714-8964-0F09338F67F5}.Debug|Mixed Platforms.ActiveCfg = Debug|Any CPU
		{53748097-48A5-4714-8964-0F09338F67F5}.Debug|Mixed Platforms.Build.0 = Debug|Any CPU
		{53748097-48A5-4714-8964-0F09338F67F5}.Release|.NET.ActiveCfg = Release|Any CPU
		{53748097-48A5-4714-8964-0F09338F67F5}.Release|Any CPU.ActiveCfg = Release|Any CPU
		{53748097-48A5-4714-8964-0F09338F67F5}.Release|Any CPU.Build.0 = Release|Any CPU
		{53748097-48A5-4714-8964-0F09338F67F5}.Release|Mixed Platforms.ActiveCfg = Release|Any CPU
		{53748097-48A5-4714-8964-0F09338F67F5}.Release|Mixed Platforms.Build.0 = Release|Any CPU
		{8576209F-4AD8-489F-BC14-E7E3E78EC278}.Debug|.NET.ActiveCfg = Debug|.NET
		{8576209F-4AD8-489F-BC14-E7E3E78EC278}.Debug|.NET.Build.0 = Debug|.NET
		{8576209F-4AD8-489F-BC14-E7E3E78EC278}.Debug|Any CPU.ActiveCfg = Debug|Any CPU
		{8576209F-4AD8-489F-BC14-E7E3E78EC278}.Debug|Any CPU.Build.0 = Debug|Any CPU
		{8576209F-4AD8-489F-BC14-E7E3E78EC278}.Debug|Mixed Platforms.ActiveCfg = Debug|Any CPU
		{8576209F-4AD8-489F-BC14-E7E3E78EC278}.Debug|Mixed Platforms.Build.0 = Debug|Any CPU
		{8576209F-4AD8-489F-BC14-E7E3E78EC278}.Release|.NET.ActiveCfg = Debug|Any CPU
		{8576209F-4AD8-489F-BC14-E7E3E78EC278}.Release|Any CPU.ActiveCfg = Debug|Any CPU
		{8576209F-4AD8-489F-BC14-E7E3E78EC278}.Release|Any CPU.Build.0 = Debug|Any CPU
		{8576209F-4AD8-489F-BC14-E7E3E78EC278}.Release|Mixed Platforms.ActiveCfg = Debug|Any CPU
		{8576209F-4AD8-489F-BC14-E7E3E78EC278}.Release|Mixed Platforms.Build.0 = Debug|Any CPU
		{3ADB8B6F-6AA5-4893-AF44-BDFF268EFF2D}.Debug|.NET.ActiveCfg = Debug|Any CPU
		{3ADB8B6F-6AA5-4893-AF44-BDFF268EFF2D}.Debug|Any CPU.ActiveCfg = Debug|Any CPU
		{3ADB8B6F-6AA5-4893-AF44-BDFF268EFF2D}.Debug|Any CPU.Build.0 = Debug|Any CPU
		{3ADB8B6F-6AA5-4893-AF44-BDFF268EFF2D}.Debug|Mixed Platforms.ActiveCfg = Debug|Any CPU
		{3ADB8B6F-6AA5-4893-AF44-BDFF268EFF2D}.Debug|Mixed Platforms.Build.0 = Debug|Any CPU
		{3ADB8B6F-6AA5-4893-AF44-BDFF268EFF2D}.Release|.NET.ActiveCfg = Release|Any CPU
		{3ADB8B6F-6AA5-4893-AF44-BDFF268EFF2D}.Release|Any CPU.ActiveCfg = Release|Any CPU
		{3ADB8B6F-6AA5-4893-AF44-BDFF268EFF2D}.Release|Any CPU.Build.0 = Release|Any CPU
		{3ADB8B6F-6AA5-4893-AF44-BDFF268EFF2D}.Release|Mixed Platforms.ActiveCfg = Release|Any CPU
		{3ADB8B6F-6AA5-4893-AF44-BDFF268EFF2D}.Release|Mixed Platforms.Build.0 = Release|Any CPU
		{FC6E71A9-A9B2-40BC-9410-9370617104D5}.Debug|.NET.ActiveCfg = Debug|Any CPU
		{FC6E71A9-A9B2-40BC-9410-9370617104D5}.Debug|Any CPU.ActiveCfg = Debug|Any CPU
		{FC6E71A9-A9B2-40BC-9410-9370617104D5}.Debug|Any CPU.Build.0 = Debug|Any CPU
		{FC6E71A9-A9B2-40BC-9410-9370617104D5}.Debug|Mixed Platforms.ActiveCfg = Debug|Any CPU
		{FC6E71A9-A9B2-40BC-9410-9370617104D5}.Debug|Mixed Platforms.Build.0 = Debug|Any CPU
		{FC6E71A9-A9B2-40BC-9410-9370617104D5}.Release|.NET.ActiveCfg = Release|Any CPU
		{FC6E71A9-A9B2-40BC-9410-9370617104D5}.Release|Any CPU.ActiveCfg = Release|Any CPU
		{FC6E71A9-A9B2-40BC-9410-9370617104D5}.Release|Any CPU.Build.0 = Release|Any CPU
		{FC6E71A9-A9B2-40BC-9410-9370617104D5}.Release|Mixed Platforms.ActiveCfg = Release|Any CPU
		{FC6E71A9-A9B2-40BC-9410-9370617104D5}.Release|Mixed Platforms.Build.0 = Release|Any CPU
		{AA7387BE-2021-47BC-ACF7-68BF0C1F8B42}.Debug|.NET.ActiveCfg = Debug|Any CPU
		{AA7387BE-2021-47BC-ACF7-68BF0C1F8B42}.Debug|Any CPU.ActiveCfg = Debug|Any CPU
		{AA7387BE-2021-47BC-ACF7-68BF0C1F8B42}.Debug|Any CPU.Build.0 = Debug|Any CPU
		{AA7387BE-2021-47BC-ACF7-68BF0C1F8B42}.Debug|Mixed Platforms.ActiveCfg = Debug|Any CPU
		{AA7387BE-2021-47BC-ACF7-68BF0C1F8B42}.Debug|Mixed Platforms.Build.0 = Debug|Any CPU
		{AA7387BE-2021-47BC-ACF7-68BF0C1F8B42}.Release|.NET.ActiveCfg = Release|Any CPU
		{AA7387BE-2021-47BC-ACF7-68BF0C1F8B42}.Release|Any CPU.ActiveCfg = Release|Any CPU
		{AA7387BE-2021-47BC-ACF7-68BF0C1F8B42}.Release|Any CPU.Build.0 = Release|Any CPU
		{AA7387BE-2021-47BC-ACF7-68BF0C1F8B42}.Release|Mixed Platforms.ActiveCfg = Release|Any CPU
		{AA7387BE-2021-47BC-ACF7-68BF0C1F8B42}.Release|Mixed Platforms.Build.0 = Release|Any CPU
		{73E5E737-9E89-4D76-91F4-FAF26D18C4E9}.Debug|.NET.ActiveCfg = Debug|Any CPU
		{73E5E737-9E89-4D76-91F4-FAF26D18C4E9}.Debug|Any CPU.ActiveCfg = Debug|Any CPU
		{73E5E737-9E89-4D76-91F4-FAF26D18C4E9}.Debug|Any CPU.Build.0 = Debug|Any CPU
		{73E5E737-9E89-4D76-91F4-FAF26D18C4E9}.Debug|Mixed Platforms.ActiveCfg = Debug|Any CPU
		{73E5E737-9E89-4D76-91F4-FAF26D18C4E9}.Debug|Mixed Platforms.Build.0 = Debug|Any CPU
		{73E5E737-9E89-4D76-91F4-FAF26D18C4E9}.Release|.NET.ActiveCfg = Release|Any CPU
		{73E5E737-9E89-4D76-91F4-FAF26D18C4E9}.Release|Any CPU.ActiveCfg = Release|Any CPU
		{73E5E737-9E89-4D76-91F4-FAF26D18C4E9}.Release|Any CPU.Build.0 = Release|Any CPU
		{73E5E737-9E89-4D76-91F4-FAF26D18C4E9}.Release|Mixed Platforms.ActiveCfg = Release|Any CPU
		{73E5E737-9E89-4D76-91F4-FAF26D18C4E9}.Release|Mixed Platforms.Build.0 = Release|Any CPU
		{E23F1884-0C1B-4607-B675-F73CF984CBE0}.Debug|.NET.ActiveCfg = Debug|Any CPU
		{E23F1884-0C1B-4607-B675-F73CF984CBE0}.Debug|Any CPU.ActiveCfg = Debug|Any CPU
		{E23F1884-0C1B-4607-B675-F73CF984CBE0}.Debug|Any CPU.Build.0 = Debug|Any CPU
		{E23F1884-0C1B-4607-B675-F73CF984CBE0}.Debug|Mixed Platforms.ActiveCfg = Debug|Any CPU
		{E23F1884-0C1B-4607-B675-F73CF984CBE0}.Debug|Mixed Platforms.Build.0 = Debug|Any CPU
		{E23F1884-0C1B-4607-B675-F73CF984CBE0}.Release|.NET.ActiveCfg = Release|Any CPU
		{E23F1884-0C1B-4607-B675-F73CF984CBE0}.Release|Any CPU.ActiveCfg = Release|Any CPU
		{E23F1884-0C1B-4607-B675-F73CF984CBE0}.Release|Any CPU.Build.0 = Release|Any CPU
		{E23F1884-0C1B-4607-B675-F73CF984CBE0}.Release|Mixed Platforms.ActiveCfg = Release|Any CPU
		{E23F1884-0C1B-4607-B675-F73CF984CBE0}.Release|Mixed Platforms.Build.0 = Release|Any CPU
		{202F8132-1220-4059-BA00-1B36813FD669}.Debug|.NET.ActiveCfg = Debug|Any CPU
		{202F8132-1220-4059-BA00-1B36813FD669}.Debug|Any CPU.ActiveCfg = Debug|Any CPU
		{202F8132-1220-4059-BA00-1B36813FD669}.Debug|Any CPU.Build.0 = Debug|Any CPU
		{202F8132-1220-4059-BA00-1B36813FD669}.Debug|Mixed Platforms.ActiveCfg = Debug|Any CPU
		{202F8132-1220-4059-BA00-1B36813FD669}.Debug|Mixed Platforms.Build.0 = Debug|Any CPU
		{202F8132-1220-4059-BA00-1B36813FD669}.Release|.NET.ActiveCfg = Release|Any CPU
		{202F8132-1220-4059-BA00-1B36813FD669}.Release|Any CPU.ActiveCfg = Release|Any CPU
		{202F8132-1220-4059-BA00-1B36813FD669}.Release|Any CPU.Build.0 = Release|Any CPU
		{202F8132-1220-4059-BA00-1B36813FD669}.Release|Mixed Platforms.ActiveCfg = Release|Any CPU
		{202F8132-1220-4059-BA00-1B36813FD669}.Release|Mixed Platforms.Build.0 = Release|Any CPU
		{A0E732D1-6537-4DA2-AA59-3974E457A7A1}.Debug|.NET.ActiveCfg = Debug|Any CPU
		{A0E732D1-6537-4DA2-AA59-3974E457A7A1}.Debug|Any CPU.ActiveCfg = Debug|Any CPU
		{A0E732D1-6537-4DA2-AA59-3974E457A7A1}.Debug|Any CPU.Build.0 = Debug|Any CPU
		{A0E732D1-6537-4DA2-AA59-3974E457A7A1}.Debug|Mixed Platforms.ActiveCfg = Debug|Any CPU
		{A0E732D1-6537-4DA2-AA59-3974E457A7A1}.Debug|Mixed Platforms.Build.0 = Debug|Any CPU
		{A0E732D1-6537-4DA2-AA59-3974E457A7A1}.Release|.NET.ActiveCfg = Release|Any CPU
		{A0E732D1-6537-4DA2-AA59-3974E457A7A1}.Release|Any CPU.ActiveCfg = Release|Any CPU
		{A0E732D1-6537-4DA2-AA59-3974E457A7A1}.Release|Any CPU.Build.0 = Release|Any CPU
		{A0E732D1-6537-4DA2-AA59-3974E457A7A1}.Release|Mixed Platforms.ActiveCfg = Release|Any CPU
		{A0E732D1-6537-4DA2-AA59-3974E457A7A1}.Release|Mixed Platforms.Build.0 = Release|Any CPU
		{2C94DD8F-AD74-45F5-A577-77DF840A6C1E}.Debug|.NET.ActiveCfg = Debug|Any CPU
		{2C94DD8F-AD74-45F5-A577-77DF840A6C1E}.Debug|Any CPU.ActiveCfg = Debug|Any CPU
		{2C94DD8F-AD74-45F5-A577-77DF840A6C1E}.Debug|Any CPU.Build.0 = Debug|Any CPU
		{2C94DD8F-AD74-45F5-A577-77DF840A6C1E}.Debug|Mixed Platforms.ActiveCfg = Debug|Any CPU
		{2C94DD8F-AD74-45F5-A577-77DF840A6C1E}.Debug|Mixed Platforms.Build.0 = Debug|Any CPU
		{2C94DD8F-AD74-45F5-A577-77DF840A6C1E}.Release|.NET.ActiveCfg = Release|Any CPU
		{2C94DD8F-AD74-45F5-A577-77DF840A6C1E}.Release|Any CPU.ActiveCfg = Release|Any CPU
		{2C94DD8F-AD74-45F5-A577-77DF840A6C1E}.Release|Any CPU.Build.0 = Release|Any CPU
		{2C94DD8F-AD74-45F5-A577-77DF840A6C1E}.Release|Mixed Platforms.ActiveCfg = Release|Any CPU
		{2C94DD8F-AD74-45F5-A577-77DF840A6C1E}.Release|Mixed Platforms.Build.0 = Release|Any CPU
		{8254F4FA-7ADF-4E6F-902F-D17927FDD88D}.Debug|.NET.ActiveCfg = Debug|Any CPU
		{8254F4FA-7ADF-4E6F-902F-D17927FDD88D}.Debug|Any CPU.ActiveCfg = Debug|Any CPU
		{8254F4FA-7ADF-4E6F-902F-D17927FDD88D}.Debug|Any CPU.Build.0 = Debug|Any CPU
		{8254F4FA-7ADF-4E6F-902F-D17927FDD88D}.Debug|Mixed Platforms.ActiveCfg = Debug|Any CPU
		{8254F4FA-7ADF-4E6F-902F-D17927FDD88D}.Debug|Mixed Platforms.Build.0 = Debug|Any CPU
		{8254F4FA-7ADF-4E6F-902F-D17927FDD88D}.Release|.NET.ActiveCfg = Release|Any CPU
		{8254F4FA-7ADF-4E6F-902F-D17927FDD88D}.Release|Any CPU.ActiveCfg = Release|Any CPU
		{8254F4FA-7ADF-4E6F-902F-D17927FDD88D}.Release|Any CPU.Build.0 = Release|Any CPU
		{8254F4FA-7ADF-4E6F-902F-D17927FDD88D}.Release|Mixed Platforms.ActiveCfg = Release|Any CPU
		{8254F4FA-7ADF-4E6F-902F-D17927FDD88D}.Release|Mixed Platforms.Build.0 = Release|Any CPU
		{80A9A01D-CA98-4F71-AAE9-EBA5BCC8B353}.Debug|.NET.ActiveCfg = Debug|Any CPU
		{80A9A01D-CA98-4F71-AAE9-EBA5BCC8B353}.Debug|Any CPU.ActiveCfg = Debug|Any CPU
		{80A9A01D-CA98-4F71-AAE9-EBA5BCC8B353}.Debug|Any CPU.Build.0 = Debug|Any CPU
		{80A9A01D-CA98-4F71-AAE9-EBA5BCC8B353}.Debug|Mixed Platforms.ActiveCfg = Debug|Any CPU
		{80A9A01D-CA98-4F71-AAE9-EBA5BCC8B353}.Debug|Mixed Platforms.Build.0 = Debug|Any CPU
		{80A9A01D-CA98-4F71-AAE9-EBA5BCC8B353}.Release|.NET.ActiveCfg = Release|Any CPU
		{80A9A01D-CA98-4F71-AAE9-EBA5BCC8B353}.Release|Any CPU.ActiveCfg = Release|Any CPU
		{80A9A01D-CA98-4F71-AAE9-EBA5BCC8B353}.Release|Any CPU.Build.0 = Release|Any CPU
		{80A9A01D-CA98-4F71-AAE9-EBA5BCC8B353}.Release|Mixed Platforms.ActiveCfg = Release|Any CPU
		{80A9A01D-CA98-4F71-AAE9-EBA5BCC8B353}.Release|Mixed Platforms.Build.0 = Release|Any CPU
		{A0B916CA-5F74-48F4-80FD-1F897BDC43CF}.Debug|.NET.ActiveCfg = Debug|Any CPU
		{A0B916CA-5F74-48F4-80FD-1F897BDC43CF}.Debug|Any CPU.ActiveCfg = Debug|Any CPU
		{A0B916CA-5F74-48F4-80FD-1F897BDC43CF}.Debug|Any CPU.Build.0 = Debug|Any CPU
		{A0B916CA-5F74-48F4-80FD-1F897BDC43CF}.Debug|Mixed Platforms.ActiveCfg = Debug|Any CPU
		{A0B916CA-5F74-48F4-80FD-1F897BDC43CF}.Debug|Mixed Platforms.Build.0 = Debug|Any CPU
		{A0B916CA-5F74-48F4-80FD-1F897BDC43CF}.Release|.NET.ActiveCfg = Release|Any CPU
		{A0B916CA-5F74-48F4-80FD-1F897BDC43CF}.Release|Any CPU.ActiveCfg = Release|Any CPU
		{A0B916CA-5F74-48F4-80FD-1F897BDC43CF}.Release|Any CPU.Build.0 = Release|Any CPU
		{A0B916CA-5F74-48F4-80FD-1F897BDC43CF}.Release|Mixed Platforms.ActiveCfg = Release|Any CPU
		{A0B916CA-5F74-48F4-80FD-1F897BDC43CF}.Release|Mixed Platforms.Build.0 = Release|Any CPU
		{3E9EE1EF-3538-4AA8-A74D-8DCBFB2F7389}.Debug|.NET.ActiveCfg = Debug|Any CPU
		{3E9EE1EF-3538-4AA8-A74D-8DCBFB2F7389}.Debug|Any CPU.ActiveCfg = Debug|Any CPU
		{3E9EE1EF-3538-4AA8-A74D-8DCBFB2F7389}.Debug|Any CPU.Build.0 = Debug|Any CPU
		{3E9EE1EF-3538-4AA8-A74D-8DCBFB2F7389}.Debug|Mixed Platforms.ActiveCfg = Debug|Any CPU
		{3E9EE1EF-3538-4AA8-A74D-8DCBFB2F7389}.Debug|Mixed Platforms.Build.0 = Debug|Any CPU
		{3E9EE1EF-3538-4AA8-A74D-8DCBFB2F7389}.Release|.NET.ActiveCfg = Release|Any CPU
		{3E9EE1EF-3538-4AA8-A74D-8DCBFB2F7389}.Release|Any CPU.ActiveCfg = Release|Any CPU
		{3E9EE1EF-3538-4AA8-A74D-8DCBFB2F7389}.Release|Any CPU.Build.0 = Release|Any CPU
		{3E9EE1EF-3538-4AA8-A74D-8DCBFB2F7389}.Release|Mixed Platforms.ActiveCfg = Release|Any CPU
		{3E9EE1EF-3538-4AA8-A74D-8DCBFB2F7389}.Release|Mixed Platforms.Build.0 = Release|Any CPU
		{3087674D-6D3D-45AC-953D-3B01027AD15D}.Debug|.NET.ActiveCfg = Debug|Any CPU
		{3087674D-6D3D-45AC-953D-3B01027AD15D}.Debug|Any CPU.ActiveCfg = Debug|Any CPU
		{3087674D-6D3D-45AC-953D-3B01027AD15D}.Debug|Any CPU.Build.0 = Debug|Any CPU
		{3087674D-6D3D-45AC-953D-3B01027AD15D}.Debug|Mixed Platforms.ActiveCfg = Debug|Any CPU
		{3087674D-6D3D-45AC-953D-3B01027AD15D}.Debug|Mixed Platforms.Build.0 = Debug|Any CPU
		{3087674D-6D3D-45AC-953D-3B01027AD15D}.Release|.NET.ActiveCfg = Release|Any CPU
		{3087674D-6D3D-45AC-953D-3B01027AD15D}.Release|Any CPU.ActiveCfg = Release|Any CPU
		{3087674D-6D3D-45AC-953D-3B01027AD15D}.Release|Any CPU.Build.0 = Release|Any CPU
		{3087674D-6D3D-45AC-953D-3B01027AD15D}.Release|Mixed Platforms.ActiveCfg = Release|Any CPU
		{3087674D-6D3D-45AC-953D-3B01027AD15D}.Release|Mixed Platforms.Build.0 = Release|Any CPU
		{5959A08D-1E79-471C-A1F7-7EC5B1B8C06A}.Debug|.NET.ActiveCfg = Debug|Any CPU
		{5959A08D-1E79-471C-A1F7-7EC5B1B8C06A}.Debug|Any CPU.ActiveCfg = Debug|Any CPU
		{5959A08D-1E79-471C-A1F7-7EC5B1B8C06A}.Debug|Any CPU.Build.0 = Debug|Any CPU
		{5959A08D-1E79-471C-A1F7-7EC5B1B8C06A}.Debug|Mixed Platforms.ActiveCfg = Debug|Any CPU
		{5959A08D-1E79-471C-A1F7-7EC5B1B8C06A}.Debug|Mixed Platforms.Build.0 = Debug|Any CPU
		{5959A08D-1E79-471C-A1F7-7EC5B1B8C06A}.Release|.NET.ActiveCfg = Release|Any CPU
		{5959A08D-1E79-471C-A1F7-7EC5B1B8C06A}.Release|Any CPU.ActiveCfg = Release|Any CPU
		{5959A08D-1E79-471C-A1F7-7EC5B1B8C06A}.Release|Any CPU.Build.0 = Release|Any CPU
		{5959A08D-1E79-471C-A1F7-7EC5B1B8C06A}.Release|Mixed Platforms.ActiveCfg = Release|Any CPU
		{5959A08D-1E79-471C-A1F7-7EC5B1B8C06A}.Release|Mixed Platforms.Build.0 = Release|Any CPU
		{BCCE726F-A9A2-4DB3-A672-4E309DE124B9}.Debug|.NET.ActiveCfg = Debug|Any CPU
		{BCCE726F-A9A2-4DB3-A672-4E309DE124B9}.Debug|Any CPU.ActiveCfg = Debug|Any CPU
		{BCCE726F-A9A2-4DB3-A672-4E309DE124B9}.Debug|Any CPU.Build.0 = Debug|Any CPU
		{BCCE726F-A9A2-4DB3-A672-4E309DE124B9}.Debug|Mixed Platforms.ActiveCfg = Debug|Any CPU
		{BCCE726F-A9A2-4DB3-A672-4E309DE124B9}.Debug|Mixed Platforms.Build.0 = Debug|Any CPU
		{BCCE726F-A9A2-4DB3-A672-4E309DE124B9}.Release|.NET.ActiveCfg = Release|Any CPU
		{BCCE726F-A9A2-4DB3-A672-4E309DE124B9}.Release|Any CPU.ActiveCfg = Release|Any CPU
		{BCCE726F-A9A2-4DB3-A672-4E309DE124B9}.Release|Any CPU.Build.0 = Release|Any CPU
		{BCCE726F-A9A2-4DB3-A672-4E309DE124B9}.Release|Mixed Platforms.ActiveCfg = Release|Any CPU
		{BCCE726F-A9A2-4DB3-A672-4E309DE124B9}.Release|Mixed Platforms.Build.0 = Release|Any CPU
		{AD402F38-2B6C-42B7-854C-EA33C190CAD9}.Debug|.NET.ActiveCfg = Debug|Any CPU
		{AD402F38-2B6C-42B7-854C-EA33C190CAD9}.Debug|Any CPU.ActiveCfg = Debug|Any CPU
		{AD402F38-2B6C-42B7-854C-EA33C190CAD9}.Debug|Any CPU.Build.0 = Debug|Any CPU
		{AD402F38-2B6C-42B7-854C-EA33C190CAD9}.Debug|Mixed Platforms.ActiveCfg = Debug|Any CPU
		{AD402F38-2B6C-42B7-854C-EA33C190CAD9}.Debug|Mixed Platforms.Build.0 = Debug|Any CPU
		{AD402F38-2B6C-42B7-854C-EA33C190CAD9}.Release|.NET.ActiveCfg = Release|Any CPU
		{AD402F38-2B6C-42B7-854C-EA33C190CAD9}.Release|Any CPU.ActiveCfg = Release|Any CPU
		{AD402F38-2B6C-42B7-854C-EA33C190CAD9}.Release|Any CPU.Build.0 = Release|Any CPU
		{AD402F38-2B6C-42B7-854C-EA33C190CAD9}.Release|Mixed Platforms.ActiveCfg = Release|Any CPU
		{AD402F38-2B6C-42B7-854C-EA33C190CAD9}.Release|Mixed Platforms.Build.0 = Release|Any CPU
		{8129051F-7EB7-42CD-9627-87EC9F2A3862}.Debug|.NET.ActiveCfg = Debug|Any CPU
		{8129051F-7EB7-42CD-9627-87EC9F2A3862}.Debug|Any CPU.ActiveCfg = Debug|Any CPU
		{8129051F-7EB7-42CD-9627-87EC9F2A3862}.Debug|Any CPU.Build.0 = Debug|Any CPU
		{8129051F-7EB7-42CD-9627-87EC9F2A3862}.Debug|Mixed Platforms.ActiveCfg = Debug|Any CPU
		{8129051F-7EB7-42CD-9627-87EC9F2A3862}.Debug|Mixed Platforms.Build.0 = Debug|Any CPU
		{8129051F-7EB7-42CD-9627-87EC9F2A3862}.Release|.NET.ActiveCfg = Release|Any CPU
		{8129051F-7EB7-42CD-9627-87EC9F2A3862}.Release|Any CPU.ActiveCfg = Release|Any CPU
		{8129051F-7EB7-42CD-9627-87EC9F2A3862}.Release|Any CPU.Build.0 = Release|Any CPU
		{8129051F-7EB7-42CD-9627-87EC9F2A3862}.Release|Mixed Platforms.ActiveCfg = Release|Any CPU
		{8129051F-7EB7-42CD-9627-87EC9F2A3862}.Release|Mixed Platforms.Build.0 = Release|Any CPU
		{20B5098D-79E4-4294-A0F8-9302BDE805E6}.Debug|.NET.ActiveCfg = Debug|Any CPU
		{20B5098D-79E4-4294-A0F8-9302BDE805E6}.Debug|Any CPU.ActiveCfg = Debug|Any CPU
		{20B5098D-79E4-4294-A0F8-9302BDE805E6}.Debug|Any CPU.Build.0 = Debug|Any CPU
		{20B5098D-79E4-4294-A0F8-9302BDE805E6}.Debug|Mixed Platforms.ActiveCfg = Debug|Any CPU
		{20B5098D-79E4-4294-A0F8-9302BDE805E6}.Debug|Mixed Platforms.Build.0 = Debug|Any CPU
		{20B5098D-79E4-4294-A0F8-9302BDE805E6}.Release|.NET.ActiveCfg = Release|Any CPU
		{20B5098D-79E4-4294-A0F8-9302BDE805E6}.Release|Any CPU.ActiveCfg = Release|Any CPU
		{20B5098D-79E4-4294-A0F8-9302BDE805E6}.Release|Any CPU.Build.0 = Release|Any CPU
		{20B5098D-79E4-4294-A0F8-9302BDE805E6}.Release|Mixed Platforms.ActiveCfg = Release|Any CPU
		{20B5098D-79E4-4294-A0F8-9302BDE805E6}.Release|Mixed Platforms.Build.0 = Release|Any CPU
		{D0D8472E-ADB8-47CF-9C94-7D5A182F5E5C}.Debug|.NET.ActiveCfg = Debug|Any CPU
		{D0D8472E-ADB8-47CF-9C94-7D5A182F5E5C}.Debug|Any CPU.ActiveCfg = Debug|Any CPU
		{D0D8472E-ADB8-47CF-9C94-7D5A182F5E5C}.Debug|Any CPU.Build.0 = Debug|Any CPU
		{D0D8472E-ADB8-47CF-9C94-7D5A182F5E5C}.Debug|Mixed Platforms.ActiveCfg = Debug|Any CPU
		{D0D8472E-ADB8-47CF-9C94-7D5A182F5E5C}.Debug|Mixed Platforms.Build.0 = Debug|Any CPU
		{D0D8472E-ADB8-47CF-9C94-7D5A182F5E5C}.Release|.NET.ActiveCfg = Release|Any CPU
		{D0D8472E-ADB8-47CF-9C94-7D5A182F5E5C}.Release|Any CPU.ActiveCfg = Release|Any CPU
		{D0D8472E-ADB8-47CF-9C94-7D5A182F5E5C}.Release|Any CPU.Build.0 = Release|Any CPU
		{D0D8472E-ADB8-47CF-9C94-7D5A182F5E5C}.Release|Mixed Platforms.ActiveCfg = Release|Any CPU
		{D0D8472E-ADB8-47CF-9C94-7D5A182F5E5C}.Release|Mixed Platforms.Build.0 = Release|Any CPU
		{88244521-EB96-48BD-9ED9-1DEBE6C4F865}.Debug|.NET.ActiveCfg = Debug|Any CPU
		{88244521-EB96-48BD-9ED9-1DEBE6C4F865}.Debug|Any CPU.ActiveCfg = Debug|Any CPU
		{88244521-EB96-48BD-9ED9-1DEBE6C4F865}.Debug|Any CPU.Build.0 = Debug|Any CPU
		{88244521-EB96-48BD-9ED9-1DEBE6C4F865}.Debug|Mixed Platforms.ActiveCfg = Debug|Any CPU
		{88244521-EB96-48BD-9ED9-1DEBE6C4F865}.Debug|Mixed Platforms.Build.0 = Debug|Any CPU
		{88244521-EB96-48BD-9ED9-1DEBE6C4F865}.Release|.NET.ActiveCfg = Release|Any CPU
		{88244521-EB96-48BD-9ED9-1DEBE6C4F865}.Release|Any CPU.ActiveCfg = Release|Any CPU
		{88244521-EB96-48BD-9ED9-1DEBE6C4F865}.Release|Any CPU.Build.0 = Release|Any CPU
		{88244521-EB96-48BD-9ED9-1DEBE6C4F865}.Release|Mixed Platforms.ActiveCfg = Release|Any CPU
		{88244521-EB96-48BD-9ED9-1DEBE6C4F865}.Release|Mixed Platforms.Build.0 = Release|Any CPU
		{9CAF7EC2-E9D4-4019-9297-D5ED4E382742}.Debug|.NET.ActiveCfg = Debug|Any CPU
		{9CAF7EC2-E9D4-4019-9297-D5ED4E382742}.Debug|Any CPU.ActiveCfg = Debug|Any CPU
		{9CAF7EC2-E9D4-4019-9297-D5ED4E382742}.Debug|Any CPU.Build.0 = Debug|Any CPU
		{9CAF7EC2-E9D4-4019-9297-D5ED4E382742}.Debug|Mixed Platforms.ActiveCfg = Debug|Any CPU
		{9CAF7EC2-E9D4-4019-9297-D5ED4E382742}.Debug|Mixed Platforms.Build.0 = Debug|Any CPU
		{9CAF7EC2-E9D4-4019-9297-D5ED4E382742}.Release|.NET.ActiveCfg = Release|Any CPU
		{9CAF7EC2-E9D4-4019-9297-D5ED4E382742}.Release|Any CPU.ActiveCfg = Release|Any CPU
		{9CAF7EC2-E9D4-4019-9297-D5ED4E382742}.Release|Any CPU.Build.0 = Release|Any CPU
		{9CAF7EC2-E9D4-4019-9297-D5ED4E382742}.Release|Mixed Platforms.ActiveCfg = Release|Any CPU
		{9CAF7EC2-E9D4-4019-9297-D5ED4E382742}.Release|Mixed Platforms.Build.0 = Release|Any CPU
		{A3914F92-997A-4EC4-AD1B-B5C9324EBC50}.Debug|.NET.ActiveCfg = Debug|Any CPU
		{A3914F92-997A-4EC4-AD1B-B5C9324EBC50}.Debug|Any CPU.ActiveCfg = Debug|Any CPU
		{A3914F92-997A-4EC4-AD1B-B5C9324EBC50}.Debug|Any CPU.Build.0 = Debug|Any CPU
		{A3914F92-997A-4EC4-AD1B-B5C9324EBC50}.Debug|Mixed Platforms.ActiveCfg = Debug|Any CPU
		{A3914F92-997A-4EC4-AD1B-B5C9324EBC50}.Debug|Mixed Platforms.Build.0 = Debug|Any CPU
		{A3914F92-997A-4EC4-AD1B-B5C9324EBC50}.Release|.NET.ActiveCfg = Release|Any CPU
		{A3914F92-997A-4EC4-AD1B-B5C9324EBC50}.Release|Any CPU.ActiveCfg = Release|Any CPU
		{A3914F92-997A-4EC4-AD1B-B5C9324EBC50}.Release|Any CPU.Build.0 = Release|Any CPU
		{A3914F92-997A-4EC4-AD1B-B5C9324EBC50}.Release|Mixed Platforms.ActiveCfg = Release|Any CPU
		{A3914F92-997A-4EC4-AD1B-B5C9324EBC50}.Release|Mixed Platforms.Build.0 = Release|Any CPU
		{456A2DF8-A63C-45DB-8410-9FA45790AB25}.Debug|.NET.ActiveCfg = Debug|Any CPU
		{456A2DF8-A63C-45DB-8410-9FA45790AB25}.Debug|Any CPU.ActiveCfg = Debug|Any CPU
		{456A2DF8-A63C-45DB-8410-9FA45790AB25}.Debug|Any CPU.Build.0 = Debug|Any CPU
		{456A2DF8-A63C-45DB-8410-9FA45790AB25}.Debug|Mixed Platforms.ActiveCfg = Debug|Any CPU
		{456A2DF8-A63C-45DB-8410-9FA45790AB25}.Debug|Mixed Platforms.Build.0 = Debug|Any CPU
		{456A2DF8-A63C-45DB-8410-9FA45790AB25}.Release|.NET.ActiveCfg = Release|Any CPU
		{456A2DF8-A63C-45DB-8410-9FA45790AB25}.Release|Any CPU.ActiveCfg = Release|Any CPU
		{456A2DF8-A63C-45DB-8410-9FA45790AB25}.Release|Any CPU.Build.0 = Release|Any CPU
		{456A2DF8-A63C-45DB-8410-9FA45790AB25}.Release|Mixed Platforms.ActiveCfg = Release|Any CPU
		{456A2DF8-A63C-45DB-8410-9FA45790AB25}.Release|Mixed Platforms.Build.0 = Release|Any CPU
		{07B4583B-D2FB-4ADE-8F4A-FBAD56C2C8E0}.Debug|.NET.ActiveCfg = Debug|Any CPU
		{07B4583B-D2FB-4ADE-8F4A-FBAD56C2C8E0}.Debug|Any CPU.ActiveCfg = Debug|Any CPU
		{07B4583B-D2FB-4ADE-8F4A-FBAD56C2C8E0}.Debug|Any CPU.Build.0 = Debug|Any CPU
		{07B4583B-D2FB-4ADE-8F4A-FBAD56C2C8E0}.Debug|Mixed Platforms.ActiveCfg = Debug|Any CPU
		{07B4583B-D2FB-4ADE-8F4A-FBAD56C2C8E0}.Debug|Mixed Platforms.Build.0 = Debug|Any CPU
		{07B4583B-D2FB-4ADE-8F4A-FBAD56C2C8E0}.Release|.NET.ActiveCfg = Release|Any CPU
		{07B4583B-D2FB-4ADE-8F4A-FBAD56C2C8E0}.Release|Any CPU.ActiveCfg = Release|Any CPU
		{07B4583B-D2FB-4ADE-8F4A-FBAD56C2C8E0}.Release|Any CPU.Build.0 = Release|Any CPU
		{07B4583B-D2FB-4ADE-8F4A-FBAD56C2C8E0}.Release|Mixed Platforms.ActiveCfg = Release|Any CPU
		{07B4583B-D2FB-4ADE-8F4A-FBAD56C2C8E0}.Release|Mixed Platforms.Build.0 = Release|Any CPU
		{853598D1-F9CF-48C2-90DD-354480F34F91}.Debug|.NET.ActiveCfg = Debug|Any CPU
		{853598D1-F9CF-48C2-90DD-354480F34F91}.Debug|Any CPU.ActiveCfg = Debug|Any CPU
		{853598D1-F9CF-48C2-90DD-354480F34F91}.Debug|Any CPU.Build.0 = Debug|Any CPU
		{853598D1-F9CF-48C2-90DD-354480F34F91}.Debug|Mixed Platforms.ActiveCfg = Debug|Any CPU
		{853598D1-F9CF-48C2-90DD-354480F34F91}.Debug|Mixed Platforms.Build.0 = Debug|Any CPU
		{853598D1-F9CF-48C2-90DD-354480F34F91}.Release|.NET.ActiveCfg = Release|Any CPU
		{853598D1-F9CF-48C2-90DD-354480F34F91}.Release|Any CPU.ActiveCfg = Release|Any CPU
		{853598D1-F9CF-48C2-90DD-354480F34F91}.Release|Any CPU.Build.0 = Release|Any CPU
		{853598D1-F9CF-48C2-90DD-354480F34F91}.Release|Mixed Platforms.ActiveCfg = Release|Any CPU
		{853598D1-F9CF-48C2-90DD-354480F34F91}.Release|Mixed Platforms.Build.0 = Release|Any CPU
		{87C08A87-ACE9-4B8C-95A9-73DA83EE1F0A}.Debug|.NET.ActiveCfg = Debug|Any CPU
		{87C08A87-ACE9-4B8C-95A9-73DA83EE1F0A}.Debug|Any CPU.ActiveCfg = Debug|Any CPU
		{87C08A87-ACE9-4B8C-95A9-73DA83EE1F0A}.Debug|Any CPU.Build.0 = Debug|Any CPU
		{87C08A87-ACE9-4B8C-95A9-73DA83EE1F0A}.Debug|Mixed Platforms.ActiveCfg = Debug|Any CPU
		{87C08A87-ACE9-4B8C-95A9-73DA83EE1F0A}.Debug|Mixed Platforms.Build.0 = Debug|Any CPU
		{87C08A87-ACE9-4B8C-95A9-73DA83EE1F0A}.Release|.NET.ActiveCfg = Release|Any CPU
		{87C08A87-ACE9-4B8C-95A9-73DA83EE1F0A}.Release|Any CPU.ActiveCfg = Release|Any CPU
		{87C08A87-ACE9-4B8C-95A9-73DA83EE1F0A}.Release|Any CPU.Build.0 = Release|Any CPU
		{87C08A87-ACE9-4B8C-95A9-73DA83EE1F0A}.Release|Mixed Platforms.ActiveCfg = Release|Any CPU
		{87C08A87-ACE9-4B8C-95A9-73DA83EE1F0A}.Release|Mixed Platforms.Build.0 = Release|Any CPU
		{B2969964-A410-4A2B-B1E2-528BF9D435D0}.Debug|.NET.ActiveCfg = Debug|Any CPU
		{B2969964-A410-4A2B-B1E2-528BF9D435D0}.Debug|Any CPU.ActiveCfg = Debug|Any CPU
		{B2969964-A410-4A2B-B1E2-528BF9D435D0}.Debug|Any CPU.Build.0 = Debug|Any CPU
		{B2969964-A410-4A2B-B1E2-528BF9D435D0}.Debug|Mixed Platforms.ActiveCfg = Debug|Any CPU
		{B2969964-A410-4A2B-B1E2-528BF9D435D0}.Debug|Mixed Platforms.Build.0 = Debug|Any CPU
		{B2969964-A410-4A2B-B1E2-528BF9D435D0}.Release|.NET.ActiveCfg = Release|Any CPU
		{B2969964-A410-4A2B-B1E2-528BF9D435D0}.Release|Any CPU.ActiveCfg = Release|Any CPU
		{B2969964-A410-4A2B-B1E2-528BF9D435D0}.Release|Any CPU.Build.0 = Release|Any CPU
		{B2969964-A410-4A2B-B1E2-528BF9D435D0}.Release|Mixed Platforms.ActiveCfg = Release|Any CPU
		{B2969964-A410-4A2B-B1E2-528BF9D435D0}.Release|Mixed Platforms.Build.0 = Release|Any CPU
		{0423B777-2C18-4B0F-B87E-0AD059529167}.Debug|.NET.ActiveCfg = Debug|Any CPU
		{0423B777-2C18-4B0F-B87E-0AD059529167}.Debug|Any CPU.ActiveCfg = Debug|Any CPU
		{0423B777-2C18-4B0F-B87E-0AD059529167}.Debug|Any CPU.Build.0 = Debug|Any CPU
		{0423B777-2C18-4B0F-B87E-0AD059529167}.Debug|Mixed Platforms.ActiveCfg = Debug|Any CPU
		{0423B777-2C18-4B0F-B87E-0AD059529167}.Debug|Mixed Platforms.Build.0 = Debug|Any CPU
		{0423B777-2C18-4B0F-B87E-0AD059529167}.Release|.NET.ActiveCfg = Release|Any CPU
		{0423B777-2C18-4B0F-B87E-0AD059529167}.Release|Any CPU.ActiveCfg = Release|Any CPU
		{0423B777-2C18-4B0F-B87E-0AD059529167}.Release|Any CPU.Build.0 = Release|Any CPU
		{0423B777-2C18-4B0F-B87E-0AD059529167}.Release|Mixed Platforms.ActiveCfg = Release|Any CPU
		{0423B777-2C18-4B0F-B87E-0AD059529167}.Release|Mixed Platforms.Build.0 = Release|Any CPU
		{F266D261-5A5F-4BB6-84F6-A71EA2B5090E}.Debug|.NET.ActiveCfg = Debug|Any CPU
		{F266D261-5A5F-4BB6-84F6-A71EA2B5090E}.Debug|Any CPU.ActiveCfg = Debug|Any CPU
		{F266D261-5A5F-4BB6-84F6-A71EA2B5090E}.Debug|Any CPU.Build.0 = Debug|Any CPU
		{F266D261-5A5F-4BB6-84F6-A71EA2B5090E}.Debug|Mixed Platforms.ActiveCfg = Debug|Any CPU
		{F266D261-5A5F-4BB6-84F6-A71EA2B5090E}.Debug|Mixed Platforms.Build.0 = Debug|Any CPU
		{F266D261-5A5F-4BB6-84F6-A71EA2B5090E}.Release|.NET.ActiveCfg = Release|Any CPU
		{F266D261-5A5F-4BB6-84F6-A71EA2B5090E}.Release|Any CPU.ActiveCfg = Release|Any CPU
		{F266D261-5A5F-4BB6-84F6-A71EA2B5090E}.Release|Any CPU.Build.0 = Release|Any CPU
		{F266D261-5A5F-4BB6-84F6-A71EA2B5090E}.Release|Mixed Platforms.ActiveCfg = Release|Any CPU
		{F266D261-5A5F-4BB6-84F6-A71EA2B5090E}.Release|Mixed Platforms.Build.0 = Release|Any CPU
		{3E847F44-BC2C-4C42-B612-2C9934E8BB38}.Debug|.NET.ActiveCfg = Debug|Any CPU
		{3E847F44-BC2C-4C42-B612-2C9934E8BB38}.Debug|Any CPU.ActiveCfg = Debug|Any CPU
		{3E847F44-BC2C-4C42-B612-2C9934E8BB38}.Debug|Any CPU.Build.0 = Debug|Any CPU
		{3E847F44-BC2C-4C42-B612-2C9934E8BB38}.Debug|Mixed Platforms.ActiveCfg = Debug|Any CPU
		{3E847F44-BC2C-4C42-B612-2C9934E8BB38}.Debug|Mixed Platforms.Build.0 = Debug|Any CPU
		{3E847F44-BC2C-4C42-B612-2C9934E8BB38}.Release|.NET.ActiveCfg = Release|Any CPU
		{3E847F44-BC2C-4C42-B612-2C9934E8BB38}.Release|Any CPU.ActiveCfg = Release|Any CPU
		{3E847F44-BC2C-4C42-B612-2C9934E8BB38}.Release|Any CPU.Build.0 = Release|Any CPU
		{3E847F44-BC2C-4C42-B612-2C9934E8BB38}.Release|Mixed Platforms.ActiveCfg = Release|Any CPU
		{3E847F44-BC2C-4C42-B612-2C9934E8BB38}.Release|Mixed Platforms.Build.0 = Release|Any CPU
	EndGlobalSection
	GlobalSection(SolutionProperties) = preSolution
		HideSolutionNode = FALSE
	EndGlobalSection
	GlobalSection(NestedProjects) = preSolution
		{78691633-E015-42BA-B2D4-385CE26395C6} = {8DCDF828-0041-487F-80A7-C5DC3E398244}
		{07B4583B-D2FB-4ADE-8F4A-FBAD56C2C8E0} = {8DCDF828-0041-487F-80A7-C5DC3E398244}
		{0423B777-2C18-4B0F-B87E-0AD059529167} = {8DCDF828-0041-487F-80A7-C5DC3E398244}
		{F266D261-5A5F-4BB6-84F6-A71EA2B5090E} = {8DCDF828-0041-487F-80A7-C5DC3E398244}
		{76EB5D9A-4A9B-4B5C-A21D-A2D75A406079} = {0E2B47F4-94B4-43F4-8366-6F4A59DF291A}
		{EF70B75A-2DCD-4BAD-9E45-ED6873D0D719} = {0E2B47F4-94B4-43F4-8366-6F4A59DF291A}
		{D51A183D-7F3D-454B-8CF5-487E1F8F8F72} = {0E2B47F4-94B4-43F4-8366-6F4A59DF291A}
		{E6FFDA9D-3D3E-426D-93B8-A34F01571CA9} = {0E2B47F4-94B4-43F4-8366-6F4A59DF291A}
		{FEA510A9-9E2E-4F3F-86DC-BF8A2B892C21} = {0E2B47F4-94B4-43F4-8366-6F4A59DF291A}
		{CE73634D-C965-41C7-9641-A2AA57E64EA1} = {0E2B47F4-94B4-43F4-8366-6F4A59DF291A}
		{11909F13-9457-4FFA-AEF9-05EE8A4C446F} = {0E2B47F4-94B4-43F4-8366-6F4A59DF291A}
		{ACAD6277-B0C1-42A2-9804-55B6F594335A} = {0E2B47F4-94B4-43F4-8366-6F4A59DF291A}
		{6AA5124D-B951-4152-AC3F-CE901569A24B} = {0E2B47F4-94B4-43F4-8366-6F4A59DF291A}
		{50F9B758-6392-4632-A49D-568F75A69E26} = {0E2B47F4-94B4-43F4-8366-6F4A59DF291A}
		{33A438D8-6B7B-4011-9037-4FCD018F7421} = {0E2B47F4-94B4-43F4-8366-6F4A59DF291A}
		{C4ECAA90-2E54-4C97-B724-45531E383080} = {0E2B47F4-94B4-43F4-8366-6F4A59DF291A}
		{3FF4A488-07DD-4847-88D5-90670E71D39A} = {0E2B47F4-94B4-43F4-8366-6F4A59DF291A}
		{128EEB4C-DE60-4533-B819-4C53AB4BB2C2} = {0E2B47F4-94B4-43F4-8366-6F4A59DF291A}
		{53748097-48A5-4714-8964-0F09338F67F5} = {0E2B47F4-94B4-43F4-8366-6F4A59DF291A}
		{FC6E71A9-A9B2-40BC-9410-9370617104D5} = {0E2B47F4-94B4-43F4-8366-6F4A59DF291A}
		{E23F1884-0C1B-4607-B675-F73CF984CBE0} = {0E2B47F4-94B4-43F4-8366-6F4A59DF291A}
		{2C94DD8F-AD74-45F5-A577-77DF840A6C1E} = {0E2B47F4-94B4-43F4-8366-6F4A59DF291A}
		{A0B916CA-5F74-48F4-80FD-1F897BDC43CF} = {0E2B47F4-94B4-43F4-8366-6F4A59DF291A}
		{3087674D-6D3D-45AC-953D-3B01027AD15D} = {0E2B47F4-94B4-43F4-8366-6F4A59DF291A}
		{AD402F38-2B6C-42B7-854C-EA33C190CAD9} = {0E2B47F4-94B4-43F4-8366-6F4A59DF291A}
		{9CAF7EC2-E9D4-4019-9297-D5ED4E382742} = {0E2B47F4-94B4-43F4-8366-6F4A59DF291A}
		{A3914F92-997A-4EC4-AD1B-B5C9324EBC50} = {0E2B47F4-94B4-43F4-8366-6F4A59DF291A}
		{456A2DF8-A63C-45DB-8410-9FA45790AB25} = {0E2B47F4-94B4-43F4-8366-6F4A59DF291A}
		{E1135609-DDE1-4777-923E-9890B4498BAF} = {5EB48762-9C0E-40AF-8BB5-3E80D6EA2FED}
		{1A6C334E-159A-4189-AA03-F8CC1639A7D0} = {C2BFAFC2-8C22-45FE-A81B-521980799550}
		{D4F36AD3-4364-4CB8-9B8E-BEE281838AD1} = {C2BFAFC2-8C22-45FE-A81B-521980799550}
		{FD9697B1-CAE3-422A-8067-9462C52B7DB5} = {C2BFAFC2-8C22-45FE-A81B-521980799550}
		{1B0F8110-77F5-468D-B49D-1CBD063E45C2} = {C2BFAFC2-8C22-45FE-A81B-521980799550}
		{9590BE7F-6577-433A-AAB5-E8C8EDFBEA6E} = {C2BFAFC2-8C22-45FE-A81B-521980799550}
		{1907A87F-2BB8-4649-9200-46B5C6CB8841} = {C2BFAFC2-8C22-45FE-A81B-521980799550}
		{1DDF7042-F3E5-46D3-B6EF-C059D930CC06} = {C2BFAFC2-8C22-45FE-A81B-521980799550}
		{3805B41E-E1BD-4A0F-AA56-FC60F0364A9D} = {C2BFAFC2-8C22-45FE-A81B-521980799550}
		{1BDC8E37-02BA-4A2A-92E7-789A16E30997} = {C2BFAFC2-8C22-45FE-A81B-521980799550}
		{F0D38CF8-B5E2-4DC4-BC98-FA399F547CA7} = {C2BFAFC2-8C22-45FE-A81B-521980799550}
		{89E19BE8-E69D-4962-8DCA-3BF70E97E3BA} = {C2BFAFC2-8C22-45FE-A81B-521980799550}
		{3ADB8B6F-6AA5-4893-AF44-BDFF268EFF2D} = {C2BFAFC2-8C22-45FE-A81B-521980799550}
		{AA7387BE-2021-47BC-ACF7-68BF0C1F8B42} = {C2BFAFC2-8C22-45FE-A81B-521980799550}
		{73E5E737-9E89-4D76-91F4-FAF26D18C4E9} = {C2BFAFC2-8C22-45FE-A81B-521980799550}
		{A0E732D1-6537-4DA2-AA59-3974E457A7A1} = {C2BFAFC2-8C22-45FE-A81B-521980799550}
		{80A9A01D-CA98-4F71-AAE9-EBA5BCC8B353} = {C2BFAFC2-8C22-45FE-A81B-521980799550}
		{3E9EE1EF-3538-4AA8-A74D-8DCBFB2F7389} = {C2BFAFC2-8C22-45FE-A81B-521980799550}
		{BCCE726F-A9A2-4DB3-A672-4E309DE124B9} = {C2BFAFC2-8C22-45FE-A81B-521980799550}
		{8129051F-7EB7-42CD-9627-87EC9F2A3862} = {C2BFAFC2-8C22-45FE-A81B-521980799550}
		{20B5098D-79E4-4294-A0F8-9302BDE805E6} = {C2BFAFC2-8C22-45FE-A81B-521980799550}
		{D0D8472E-ADB8-47CF-9C94-7D5A182F5E5C} = {C2BFAFC2-8C22-45FE-A81B-521980799550}
		{88244521-EB96-48BD-9ED9-1DEBE6C4F865} = {C2BFAFC2-8C22-45FE-A81B-521980799550}
		{3E847F44-BC2C-4C42-B612-2C9934E8BB38} = {527E28AB-4D8B-421B-BF57-164FC2490AF6}
		{853598D1-F9CF-48C2-90DD-354480F34F91} = {78691633-E015-42BA-B2D4-385CE26395C6}
		{87C08A87-ACE9-4B8C-95A9-73DA83EE1F0A} = {78691633-E015-42BA-B2D4-385CE26395C6}
		{B2969964-A410-4A2B-B1E2-528BF9D435D0} = {78691633-E015-42BA-B2D4-385CE26395C6}
		{D1A51221-1B22-44CA-9D58-B47EE7A5515A} = {4ECC14B0-00FE-4E3D-A429-0FAA522E8637}
		{85213D5F-4F3D-400A-AA42-EFFB2BE681E1} = {4ECC14B0-00FE-4E3D-A429-0FAA522E8637}
		{0A16609A-B619-43FF-9C64-9FC970AF46D8} = {4ECC14B0-00FE-4E3D-A429-0FAA522E8637}
		{1C64BA8C-9AC2-4E38-929D-C1BF84DB3361} = {4ECC14B0-00FE-4E3D-A429-0FAA522E8637}
		{2C58869E-0F4A-4B4B-8B8D-6E9674CE909F} = {4ECC14B0-00FE-4E3D-A429-0FAA522E8637}
		{421D0A33-2270-4388-BC1E-0BFDD68340B2} = {4ECC14B0-00FE-4E3D-A429-0FAA522E8637}
		{26EFCB1D-B1FB-4929-976E-4EC42D844FF8} = {4ECC14B0-00FE-4E3D-A429-0FAA522E8637}
		{FDBF4787-9F3B-4983-AADA-5F4F115B2EAE} = {4ECC14B0-00FE-4E3D-A429-0FAA522E8637}
		{A3F4F9D4-AD60-46A1-85D1-AA396AF92065} = {4ECC14B0-00FE-4E3D-A429-0FAA522E8637}
		{202F8132-1220-4059-BA00-1B36813FD669} = {4ECC14B0-00FE-4E3D-A429-0FAA522E8637}
		{8254F4FA-7ADF-4E6F-902F-D17927FDD88D} = {4ECC14B0-00FE-4E3D-A429-0FAA522E8637}
		{5959A08D-1E79-471C-A1F7-7EC5B1B8C06A} = {4ECC14B0-00FE-4E3D-A429-0FAA522E8637}
		{EA4DB865-734B-44D3-9AD9-132FD680446D} = {8A0E281C-D73F-4416-AED9-890AC3C59D57}
		{C38BEB2B-CBC6-4280-9D02-1AE52B0DB47B} = {8A0E281C-D73F-4416-AED9-890AC3C59D57}
	EndGlobalSection
EndGlobal
